// !$*UTF8*$!
{
	archiveVersion = 1;
	classes = {
	};
	objectVersion = 46;
	objects = {

/* Begin PBXBuildFile section */
		0923646B1A59D90F009BC8B4 /* CardContentView.xib in Resources */ = {isa = PBXBuildFile; fileRef = 0923646A1A59D90F009BC8B4 /* CardContentView.xib */; };
		092F0F341A05B474007CDDCC /* main.m in Sources */ = {isa = PBXBuildFile; fileRef = 092F0F331A05B474007CDDCC /* main.m */; };
		092F0F371A05B474007CDDCC /* AppDelegate.m in Sources */ = {isa = PBXBuildFile; fileRef = 092F0F361A05B474007CDDCC /* AppDelegate.m */; };
		092F0F3A1A05B474007CDDCC /* ViewController.m in Sources */ = {isa = PBXBuildFile; fileRef = 092F0F391A05B474007CDDCC /* ViewController.m */; };
		092F0F3D1A05B474007CDDCC /* Main.storyboard in Resources */ = {isa = PBXBuildFile; fileRef = 092F0F3B1A05B474007CDDCC /* Main.storyboard */; };
		092F0F3F1A05B474007CDDCC /* Images.xcassets in Resources */ = {isa = PBXBuildFile; fileRef = 092F0F3E1A05B474007CDDCC /* Images.xcassets */; };
		092F0F421A05B474007CDDCC /* LaunchScreen.xib in Resources */ = {isa = PBXBuildFile; fileRef = 092F0F401A05B474007CDDCC /* LaunchScreen.xib */; };
		092F0F4E1A05B474007CDDCC /* ZLSwipeableViewDemoTests.m in Sources */ = {isa = PBXBuildFile; fileRef = 092F0F4D1A05B474007CDDCC /* ZLSwipeableViewDemoTests.m */; };
		092F0F661A05C9CA007CDDCC /* UIColor+FlatColors.m in Sources */ = {isa = PBXBuildFile; fileRef = 092F0F651A05C9CA007CDDCC /* UIColor+FlatColors.m */; };
		092F0F691A05DAF9007CDDCC /* CardView.m in Sources */ = {isa = PBXBuildFile; fileRef = 092F0F681A05DAF8007CDDCC /* CardView.m */; };
		E82BA5971BE3116E0038F210 /* ZLPanGestureRecognizer.m in Sources */ = {isa = PBXBuildFile; fileRef = E82BA5941BE3116E0038F210 /* ZLPanGestureRecognizer.m */; };
		E82BA5981BE3116E0038F210 /* ZLSwipeableView.m in Sources */ = {isa = PBXBuildFile; fileRef = E82BA5961BE3116E0038F210 /* ZLSwipeableView.m */; };
		E8D110371BE35BD90021F0E5 /* IndexAndDirection.m in Sources */ = {isa = PBXBuildFile; fileRef = E8D110361BE35BD90021F0E5 /* IndexAndDirection.m */; };
		E8F5F16E1BF0AE3B00449CB3 /* MKAnnotationView+WebCache.m in Sources */ = {isa = PBXBuildFile; fileRef = E8F5F14E1BF0AE3B00449CB3 /* MKAnnotationView+WebCache.m */; };
		E8F5F16F1BF0AE3B00449CB3 /* NSData+ImageContentType.m in Sources */ = {isa = PBXBuildFile; fileRef = E8F5F1501BF0AE3B00449CB3 /* NSData+ImageContentType.m */; };
		E8F5F1701BF0AE3B00449CB3 /* SDImageCache.m in Sources */ = {isa = PBXBuildFile; fileRef = E8F5F1521BF0AE3B00449CB3 /* SDImageCache.m */; };
		E8F5F1711BF0AE3B00449CB3 /* SDWebImageCompat.m in Sources */ = {isa = PBXBuildFile; fileRef = E8F5F1541BF0AE3B00449CB3 /* SDWebImageCompat.m */; };
		E8F5F1721BF0AE3B00449CB3 /* SDWebImageDecoder.m in Sources */ = {isa = PBXBuildFile; fileRef = E8F5F1561BF0AE3B00449CB3 /* SDWebImageDecoder.m */; };
		E8F5F1731BF0AE3B00449CB3 /* SDWebImageDownloader.m in Sources */ = {isa = PBXBuildFile; fileRef = E8F5F1581BF0AE3B00449CB3 /* SDWebImageDownloader.m */; };
		E8F5F1741BF0AE3B00449CB3 /* SDWebImageDownloaderOperation.m in Sources */ = {isa = PBXBuildFile; fileRef = E8F5F15A1BF0AE3B00449CB3 /* SDWebImageDownloaderOperation.m */; };
		E8F5F1751BF0AE3B00449CB3 /* SDWebImageManager.m in Sources */ = {isa = PBXBuildFile; fileRef = E8F5F15C1BF0AE3B00449CB3 /* SDWebImageManager.m */; };
		E8F5F1761BF0AE3B00449CB3 /* SDWebImagePrefetcher.m in Sources */ = {isa = PBXBuildFile; fileRef = E8F5F15F1BF0AE3B00449CB3 /* SDWebImagePrefetcher.m */; };
		E8F5F1771BF0AE3B00449CB3 /* UIButton+WebCache.m in Sources */ = {isa = PBXBuildFile; fileRef = E8F5F1611BF0AE3B00449CB3 /* UIButton+WebCache.m */; };
		E8F5F1781BF0AE3B00449CB3 /* UIImage+GIF.m in Sources */ = {isa = PBXBuildFile; fileRef = E8F5F1631BF0AE3B00449CB3 /* UIImage+GIF.m */; };
		E8F5F1791BF0AE3B00449CB3 /* UIImage+MultiFormat.m in Sources */ = {isa = PBXBuildFile; fileRef = E8F5F1651BF0AE3B00449CB3 /* UIImage+MultiFormat.m */; };
		E8F5F17A1BF0AE3B00449CB3 /* UIImage+WebP.m in Sources */ = {isa = PBXBuildFile; fileRef = E8F5F1671BF0AE3B00449CB3 /* UIImage+WebP.m */; };
		E8F5F17B1BF0AE3B00449CB3 /* UIImageView+HighlightedWebCache.m in Sources */ = {isa = PBXBuildFile; fileRef = E8F5F1691BF0AE3B00449CB3 /* UIImageView+HighlightedWebCache.m */; };
		E8F5F17C1BF0AE3B00449CB3 /* UIImageView+WebCache.m in Sources */ = {isa = PBXBuildFile; fileRef = E8F5F16B1BF0AE3B00449CB3 /* UIImageView+WebCache.m */; };
		E8F5F17D1BF0AE3B00449CB3 /* UIView+WebCacheOperation.m in Sources */ = {isa = PBXBuildFile; fileRef = E8F5F16D1BF0AE3B00449CB3 /* UIView+WebCacheOperation.m */; };
		E8F5F1801BF0AF2A00449CB3 /* 百度贴吧副本.json in Resources */ = {isa = PBXBuildFile; fileRef = E8F5F17E1BF0AF2A00449CB3 /* 百度贴吧副本.json */; };
		E8F5F1811BF0AF2A00449CB3 /* 屏幕快照 2015-11-05 11.40.43.png in Resources */ = {isa = PBXBuildFile; fileRef = E8F5F17F1BF0AF2A00449CB3 /* 屏幕快照 2015-11-05 11.40.43.png */; };
/* End PBXBuildFile section */

/* Begin PBXContainerItemProxy section */
		092F0F481A05B474007CDDCC /* PBXContainerItemProxy */ = {
			isa = PBXContainerItemProxy;
			containerPortal = 092F0F261A05B474007CDDCC /* Project object */;
			proxyType = 1;
			remoteGlobalIDString = 092F0F2D1A05B474007CDDCC;
			remoteInfo = ZLSwipeableViewDemo;
		};
/* End PBXContainerItemProxy section */

/* Begin PBXFileReference section */
		0923646A1A59D90F009BC8B4 /* CardContentView.xib */ = {isa = PBXFileReference; fileEncoding = 4; lastKnownFileType = file.xib; path = CardContentView.xib; sourceTree = "<group>"; };
		092F0F2E1A05B474007CDDCC /* ZLSwipeableViewDemo.app */ = {isa = PBXFileReference; explicitFileType = wrapper.application; includeInIndex = 0; path = ZLSwipeableViewDemo.app; sourceTree = BUILT_PRODUCTS_DIR; };
		092F0F321A05B474007CDDCC /* Info.plist */ = {isa = PBXFileReference; lastKnownFileType = text.plist.xml; path = Info.plist; sourceTree = "<group>"; };
		092F0F331A05B474007CDDCC /* main.m */ = {isa = PBXFileReference; lastKnownFileType = sourcecode.c.objc; path = main.m; sourceTree = "<group>"; };
		092F0F351A05B474007CDDCC /* AppDelegate.h */ = {isa = PBXFileReference; lastKnownFileType = sourcecode.c.h; path = AppDelegate.h; sourceTree = "<group>"; };
		092F0F361A05B474007CDDCC /* AppDelegate.m */ = {isa = PBXFileReference; lastKnownFileType = sourcecode.c.objc; path = AppDelegate.m; sourceTree = "<group>"; };
		092F0F381A05B474007CDDCC /* ViewController.h */ = {isa = PBXFileReference; lastKnownFileType = sourcecode.c.h; path = ViewController.h; sourceTree = "<group>"; };
		092F0F391A05B474007CDDCC /* ViewController.m */ = {isa = PBXFileReference; lastKnownFileType = sourcecode.c.objc; path = ViewController.m; sourceTree = "<group>"; };
		092F0F3C1A05B474007CDDCC /* Base */ = {isa = PBXFileReference; lastKnownFileType = file.storyboard; name = Base; path = Base.lproj/Main.storyboard; sourceTree = "<group>"; };
		092F0F3E1A05B474007CDDCC /* Images.xcassets */ = {isa = PBXFileReference; lastKnownFileType = folder.assetcatalog; path = Images.xcassets; sourceTree = "<group>"; };
		092F0F411A05B474007CDDCC /* Base */ = {isa = PBXFileReference; lastKnownFileType = file.xib; name = Base; path = Base.lproj/LaunchScreen.xib; sourceTree = "<group>"; };
		092F0F471A05B474007CDDCC /* ZLSwipeableViewDemoTests.xctest */ = {isa = PBXFileReference; explicitFileType = wrapper.cfbundle; includeInIndex = 0; path = ZLSwipeableViewDemoTests.xctest; sourceTree = BUILT_PRODUCTS_DIR; };
		092F0F4C1A05B474007CDDCC /* Info.plist */ = {isa = PBXFileReference; lastKnownFileType = text.plist.xml; path = Info.plist; sourceTree = "<group>"; };
		092F0F4D1A05B474007CDDCC /* ZLSwipeableViewDemoTests.m */ = {isa = PBXFileReference; lastKnownFileType = sourcecode.c.objc; path = ZLSwipeableViewDemoTests.m; sourceTree = "<group>"; };
		092F0F641A05C9CA007CDDCC /* UIColor+FlatColors.h */ = {isa = PBXFileReference; fileEncoding = 4; lastKnownFileType = sourcecode.c.h; path = "UIColor+FlatColors.h"; sourceTree = "<group>"; };
		092F0F651A05C9CA007CDDCC /* UIColor+FlatColors.m */ = {isa = PBXFileReference; fileEncoding = 4; lastKnownFileType = sourcecode.c.objc; path = "UIColor+FlatColors.m"; sourceTree = "<group>"; };
		092F0F671A05DAF8007CDDCC /* CardView.h */ = {isa = PBXFileReference; fileEncoding = 4; lastKnownFileType = sourcecode.c.h; path = CardView.h; sourceTree = "<group>"; };
		092F0F681A05DAF8007CDDCC /* CardView.m */ = {isa = PBXFileReference; fileEncoding = 4; lastKnownFileType = sourcecode.c.objc; path = CardView.m; sourceTree = "<group>"; };
		E82BA5931BE3116E0038F210 /* ZLPanGestureRecognizer.h */ = {isa = PBXFileReference; fileEncoding = 4; lastKnownFileType = sourcecode.c.h; path = ZLPanGestureRecognizer.h; sourceTree = "<group>"; };
		E82BA5941BE3116E0038F210 /* ZLPanGestureRecognizer.m */ = {isa = PBXFileReference; fileEncoding = 4; lastKnownFileType = sourcecode.c.objc; path = ZLPanGestureRecognizer.m; sourceTree = "<group>"; };
		E82BA5951BE3116E0038F210 /* ZLSwipeableView.h */ = {isa = PBXFileReference; fileEncoding = 4; lastKnownFileType = sourcecode.c.h; path = ZLSwipeableView.h; sourceTree = "<group>"; };
		E82BA5961BE3116E0038F210 /* ZLSwipeableView.m */ = {isa = PBXFileReference; fileEncoding = 4; lastKnownFileType = sourcecode.c.objc; path = ZLSwipeableView.m; sourceTree = "<group>"; };
		E8D110351BE35BD90021F0E5 /* IndexAndDirection.h */ = {isa = PBXFileReference; fileEncoding = 4; lastKnownFileType = sourcecode.c.h; path = IndexAndDirection.h; sourceTree = "<group>"; };
		E8D110361BE35BD90021F0E5 /* IndexAndDirection.m */ = {isa = PBXFileReference; fileEncoding = 4; lastKnownFileType = sourcecode.c.objc; path = IndexAndDirection.m; sourceTree = "<group>"; };
		E8F5F14D1BF0AE3B00449CB3 /* MKAnnotationView+WebCache.h */ = {isa = PBXFileReference; fileEncoding = 4; lastKnownFileType = sourcecode.c.h; path = "MKAnnotationView+WebCache.h"; sourceTree = "<group>"; };
		E8F5F14E1BF0AE3B00449CB3 /* MKAnnotationView+WebCache.m */ = {isa = PBXFileReference; fileEncoding = 4; lastKnownFileType = sourcecode.c.objc; path = "MKAnnotationView+WebCache.m"; sourceTree = "<group>"; };
		E8F5F14F1BF0AE3B00449CB3 /* NSData+ImageContentType.h */ = {isa = PBXFileReference; fileEncoding = 4; lastKnownFileType = sourcecode.c.h; path = "NSData+ImageContentType.h"; sourceTree = "<group>"; };
		E8F5F1501BF0AE3B00449CB3 /* NSData+ImageContentType.m */ = {isa = PBXFileReference; fileEncoding = 4; lastKnownFileType = sourcecode.c.objc; path = "NSData+ImageContentType.m"; sourceTree = "<group>"; };
		E8F5F1511BF0AE3B00449CB3 /* SDImageCache.h */ = {isa = PBXFileReference; fileEncoding = 4; lastKnownFileType = sourcecode.c.h; path = SDImageCache.h; sourceTree = "<group>"; };
		E8F5F1521BF0AE3B00449CB3 /* SDImageCache.m */ = {isa = PBXFileReference; fileEncoding = 4; lastKnownFileType = sourcecode.c.objc; path = SDImageCache.m; sourceTree = "<group>"; };
		E8F5F1531BF0AE3B00449CB3 /* SDWebImageCompat.h */ = {isa = PBXFileReference; fileEncoding = 4; lastKnownFileType = sourcecode.c.h; path = SDWebImageCompat.h; sourceTree = "<group>"; };
		E8F5F1541BF0AE3B00449CB3 /* SDWebImageCompat.m */ = {isa = PBXFileReference; fileEncoding = 4; lastKnownFileType = sourcecode.c.objc; path = SDWebImageCompat.m; sourceTree = "<group>"; };
		E8F5F1551BF0AE3B00449CB3 /* SDWebImageDecoder.h */ = {isa = PBXFileReference; fileEncoding = 4; lastKnownFileType = sourcecode.c.h; path = SDWebImageDecoder.h; sourceTree = "<group>"; };
		E8F5F1561BF0AE3B00449CB3 /* SDWebImageDecoder.m */ = {isa = PBXFileReference; fileEncoding = 4; lastKnownFileType = sourcecode.c.objc; path = SDWebImageDecoder.m; sourceTree = "<group>"; };
		E8F5F1571BF0AE3B00449CB3 /* SDWebImageDownloader.h */ = {isa = PBXFileReference; fileEncoding = 4; lastKnownFileType = sourcecode.c.h; path = SDWebImageDownloader.h; sourceTree = "<group>"; };
		E8F5F1581BF0AE3B00449CB3 /* SDWebImageDownloader.m */ = {isa = PBXFileReference; fileEncoding = 4; lastKnownFileType = sourcecode.c.objc; path = SDWebImageDownloader.m; sourceTree = "<group>"; };
		E8F5F1591BF0AE3B00449CB3 /* SDWebImageDownloaderOperation.h */ = {isa = PBXFileReference; fileEncoding = 4; lastKnownFileType = sourcecode.c.h; path = SDWebImageDownloaderOperation.h; sourceTree = "<group>"; };
		E8F5F15A1BF0AE3B00449CB3 /* SDWebImageDownloaderOperation.m */ = {isa = PBXFileReference; fileEncoding = 4; lastKnownFileType = sourcecode.c.objc; path = SDWebImageDownloaderOperation.m; sourceTree = "<group>"; };
		E8F5F15B1BF0AE3B00449CB3 /* SDWebImageManager.h */ = {isa = PBXFileReference; fileEncoding = 4; lastKnownFileType = sourcecode.c.h; path = SDWebImageManager.h; sourceTree = "<group>"; };
		E8F5F15C1BF0AE3B00449CB3 /* SDWebImageManager.m */ = {isa = PBXFileReference; fileEncoding = 4; lastKnownFileType = sourcecode.c.objc; path = SDWebImageManager.m; sourceTree = "<group>"; };
		E8F5F15D1BF0AE3B00449CB3 /* SDWebImageOperation.h */ = {isa = PBXFileReference; fileEncoding = 4; lastKnownFileType = sourcecode.c.h; path = SDWebImageOperation.h; sourceTree = "<group>"; };
		E8F5F15E1BF0AE3B00449CB3 /* SDWebImagePrefetcher.h */ = {isa = PBXFileReference; fileEncoding = 4; lastKnownFileType = sourcecode.c.h; path = SDWebImagePrefetcher.h; sourceTree = "<group>"; };
		E8F5F15F1BF0AE3B00449CB3 /* SDWebImagePrefetcher.m */ = {isa = PBXFileReference; fileEncoding = 4; lastKnownFileType = sourcecode.c.objc; path = SDWebImagePrefetcher.m; sourceTree = "<group>"; };
		E8F5F1601BF0AE3B00449CB3 /* UIButton+WebCache.h */ = {isa = PBXFileReference; fileEncoding = 4; lastKnownFileType = sourcecode.c.h; path = "UIButton+WebCache.h"; sourceTree = "<group>"; };
		E8F5F1611BF0AE3B00449CB3 /* UIButton+WebCache.m */ = {isa = PBXFileReference; fileEncoding = 4; lastKnownFileType = sourcecode.c.objc; path = "UIButton+WebCache.m"; sourceTree = "<group>"; };
		E8F5F1621BF0AE3B00449CB3 /* UIImage+GIF.h */ = {isa = PBXFileReference; fileEncoding = 4; lastKnownFileType = sourcecode.c.h; path = "UIImage+GIF.h"; sourceTree = "<group>"; };
		E8F5F1631BF0AE3B00449CB3 /* UIImage+GIF.m */ = {isa = PBXFileReference; fileEncoding = 4; lastKnownFileType = sourcecode.c.objc; path = "UIImage+GIF.m"; sourceTree = "<group>"; };
		E8F5F1641BF0AE3B00449CB3 /* UIImage+MultiFormat.h */ = {isa = PBXFileReference; fileEncoding = 4; lastKnownFileType = sourcecode.c.h; path = "UIImage+MultiFormat.h"; sourceTree = "<group>"; };
		E8F5F1651BF0AE3B00449CB3 /* UIImage+MultiFormat.m */ = {isa = PBXFileReference; fileEncoding = 4; lastKnownFileType = sourcecode.c.objc; path = "UIImage+MultiFormat.m"; sourceTree = "<group>"; };
		E8F5F1661BF0AE3B00449CB3 /* UIImage+WebP.h */ = {isa = PBXFileReference; fileEncoding = 4; lastKnownFileType = sourcecode.c.h; path = "UIImage+WebP.h"; sourceTree = "<group>"; };
		E8F5F1671BF0AE3B00449CB3 /* UIImage+WebP.m */ = {isa = PBXFileReference; fileEncoding = 4; lastKnownFileType = sourcecode.c.objc; path = "UIImage+WebP.m"; sourceTree = "<group>"; };
		E8F5F1681BF0AE3B00449CB3 /* UIImageView+HighlightedWebCache.h */ = {isa = PBXFileReference; fileEncoding = 4; lastKnownFileType = sourcecode.c.h; path = "UIImageView+HighlightedWebCache.h"; sourceTree = "<group>"; };
		E8F5F1691BF0AE3B00449CB3 /* UIImageView+HighlightedWebCache.m */ = {isa = PBXFileReference; fileEncoding = 4; lastKnownFileType = sourcecode.c.objc; path = "UIImageView+HighlightedWebCache.m"; sourceTree = "<group>"; };
		E8F5F16A1BF0AE3B00449CB3 /* UIImageView+WebCache.h */ = {isa = PBXFileReference; fileEncoding = 4; lastKnownFileType = sourcecode.c.h; path = "UIImageView+WebCache.h"; sourceTree = "<group>"; };
		E8F5F16B1BF0AE3B00449CB3 /* UIImageView+WebCache.m */ = {isa = PBXFileReference; fileEncoding = 4; lastKnownFileType = sourcecode.c.objc; path = "UIImageView+WebCache.m"; sourceTree = "<group>"; };
		E8F5F16C1BF0AE3B00449CB3 /* UIView+WebCacheOperation.h */ = {isa = PBXFileReference; fileEncoding = 4; lastKnownFileType = sourcecode.c.h; path = "UIView+WebCacheOperation.h"; sourceTree = "<group>"; };
		E8F5F16D1BF0AE3B00449CB3 /* UIView+WebCacheOperation.m */ = {isa = PBXFileReference; fileEncoding = 4; lastKnownFileType = sourcecode.c.objc; path = "UIView+WebCacheOperation.m"; sourceTree = "<group>"; };
		E8F5F17E1BF0AF2A00449CB3 /* 百度贴吧副本.json */ = {isa = PBXFileReference; fileEncoding = 4; lastKnownFileType = text.json; path = "百度贴吧副本.json"; sourceTree = "<group>"; };
		E8F5F17F1BF0AF2A00449CB3 /* 屏幕快照 2015-11-05 11.40.43.png */ = {isa = PBXFileReference; lastKnownFileType = image.png; path = "屏幕快照 2015-11-05 11.40.43.png"; sourceTree = "<group>"; };
/* End PBXFileReference section */

/* Begin PBXFrameworksBuildPhase section */
		092F0F2B1A05B474007CDDCC /* Frameworks */ = {
			isa = PBXFrameworksBuildPhase;
			buildActionMask = 2147483647;
			files = (
			);
			runOnlyForDeploymentPostprocessing = 0;
		};
		092F0F441A05B474007CDDCC /* Frameworks */ = {
			isa = PBXFrameworksBuildPhase;
			buildActionMask = 2147483647;
			files = (
			);
			runOnlyForDeploymentPostprocessing = 0;
		};
/* End PBXFrameworksBuildPhase section */

/* Begin PBXGroup section */
		092F0F251A05B474007CDDCC = {
			isa = PBXGroup;
			children = (
				092F0F301A05B474007CDDCC /* ZLSwipeableViewDemo */,
				092F0F4A1A05B474007CDDCC /* ZLSwipeableViewDemoTests */,
				092F0F2F1A05B474007CDDCC /* Products */,
			);
			sourceTree = "<group>";
		};
		092F0F2F1A05B474007CDDCC /* Products */ = {
			isa = PBXGroup;
			children = (
				092F0F2E1A05B474007CDDCC /* ZLSwipeableViewDemo.app */,
				092F0F471A05B474007CDDCC /* ZLSwipeableViewDemoTests.xctest */,
			);
			name = Products;
			sourceTree = "<group>";
		};
		092F0F301A05B474007CDDCC /* ZLSwipeableViewDemo */ = {
			isa = PBXGroup;
			children = (
				E8F5F17E1BF0AF2A00449CB3 /* 百度贴吧副本.json */,
				E8F5F17F1BF0AF2A00449CB3 /* 屏幕快照 2015-11-05 11.40.43.png */,
				E8F5F14C1BF0AE3B00449CB3 /* SDWebImage */,
				E8D110341BE35BBF0021F0E5 /* Model */,
				E82BA5921BE3116E0038F210 /* ZLSwipeableView */,
				092F0F631A05C9CA007CDDCC /* UIColor+FlatColors */,
				092F0F351A05B474007CDDCC /* AppDelegate.h */,
				092F0F361A05B474007CDDCC /* AppDelegate.m */,
				092F0F381A05B474007CDDCC /* ViewController.h */,
				092F0F391A05B474007CDDCC /* ViewController.m */,
				092F0F671A05DAF8007CDDCC /* CardView.h */,
				092F0F681A05DAF8007CDDCC /* CardView.m */,
				0923646A1A59D90F009BC8B4 /* CardContentView.xib */,
				092F0F3B1A05B474007CDDCC /* Main.storyboard */,
				092F0F3E1A05B474007CDDCC /* Images.xcassets */,
				092F0F401A05B474007CDDCC /* LaunchScreen.xib */,
				092F0F311A05B474007CDDCC /* Supporting Files */,
			);
			path = ZLSwipeableViewDemo;
			sourceTree = "<group>";
		};
		092F0F311A05B474007CDDCC /* Supporting Files */ = {
			isa = PBXGroup;
			children = (
				092F0F321A05B474007CDDCC /* Info.plist */,
				092F0F331A05B474007CDDCC /* main.m */,
			);
			name = "Supporting Files";
			sourceTree = "<group>";
		};
		092F0F4A1A05B474007CDDCC /* ZLSwipeableViewDemoTests */ = {
			isa = PBXGroup;
			children = (
				092F0F4D1A05B474007CDDCC /* ZLSwipeableViewDemoTests.m */,
				092F0F4B1A05B474007CDDCC /* Supporting Files */,
			);
			path = ZLSwipeableViewDemoTests;
			sourceTree = "<group>";
		};
		092F0F4B1A05B474007CDDCC /* Supporting Files */ = {
			isa = PBXGroup;
			children = (
				092F0F4C1A05B474007CDDCC /* Info.plist */,
			);
			name = "Supporting Files";
			sourceTree = "<group>";
		};
		092F0F631A05C9CA007CDDCC /* UIColor+FlatColors */ = {
			isa = PBXGroup;
			children = (
				092F0F641A05C9CA007CDDCC /* UIColor+FlatColors.h */,
				092F0F651A05C9CA007CDDCC /* UIColor+FlatColors.m */,
			);
			path = "UIColor+FlatColors";
			sourceTree = "<group>";
		};
		E82BA5921BE3116E0038F210 /* ZLSwipeableView */ = {
			isa = PBXGroup;
			children = (
				E82BA5931BE3116E0038F210 /* ZLPanGestureRecognizer.h */,
				E82BA5941BE3116E0038F210 /* ZLPanGestureRecognizer.m */,
				E82BA5951BE3116E0038F210 /* ZLSwipeableView.h */,
				E82BA5961BE3116E0038F210 /* ZLSwipeableView.m */,
			);
			path = ZLSwipeableView;
			sourceTree = "<group>";
		};
		E8D110341BE35BBF0021F0E5 /* Model */ = {
			isa = PBXGroup;
			children = (
				E8D110351BE35BD90021F0E5 /* IndexAndDirection.h */,
				E8D110361BE35BD90021F0E5 /* IndexAndDirection.m */,
			);
			path = Model;
			sourceTree = "<group>";
		};
		E8F5F14C1BF0AE3B00449CB3 /* SDWebImage */ = {
			isa = PBXGroup;
			children = (
				E8F5F14D1BF0AE3B00449CB3 /* MKAnnotationView+WebCache.h */,
				E8F5F14E1BF0AE3B00449CB3 /* MKAnnotationView+WebCache.m */,
				E8F5F14F1BF0AE3B00449CB3 /* NSData+ImageContentType.h */,
				E8F5F1501BF0AE3B00449CB3 /* NSData+ImageContentType.m */,
				E8F5F1511BF0AE3B00449CB3 /* SDImageCache.h */,
				E8F5F1521BF0AE3B00449CB3 /* SDImageCache.m */,
				E8F5F1531BF0AE3B00449CB3 /* SDWebImageCompat.h */,
				E8F5F1541BF0AE3B00449CB3 /* SDWebImageCompat.m */,
				E8F5F1551BF0AE3B00449CB3 /* SDWebImageDecoder.h */,
				E8F5F1561BF0AE3B00449CB3 /* SDWebImageDecoder.m */,
				E8F5F1571BF0AE3B00449CB3 /* SDWebImageDownloader.h */,
				E8F5F1581BF0AE3B00449CB3 /* SDWebImageDownloader.m */,
				E8F5F1591BF0AE3B00449CB3 /* SDWebImageDownloaderOperation.h */,
				E8F5F15A1BF0AE3B00449CB3 /* SDWebImageDownloaderOperation.m */,
				E8F5F15B1BF0AE3B00449CB3 /* SDWebImageManager.h */,
				E8F5F15C1BF0AE3B00449CB3 /* SDWebImageManager.m */,
				E8F5F15D1BF0AE3B00449CB3 /* SDWebImageOperation.h */,
				E8F5F15E1BF0AE3B00449CB3 /* SDWebImagePrefetcher.h */,
				E8F5F15F1BF0AE3B00449CB3 /* SDWebImagePrefetcher.m */,
				E8F5F1601BF0AE3B00449CB3 /* UIButton+WebCache.h */,
				E8F5F1611BF0AE3B00449CB3 /* UIButton+WebCache.m */,
				E8F5F1621BF0AE3B00449CB3 /* UIImage+GIF.h */,
				E8F5F1631BF0AE3B00449CB3 /* UIImage+GIF.m */,
				E8F5F1641BF0AE3B00449CB3 /* UIImage+MultiFormat.h */,
				E8F5F1651BF0AE3B00449CB3 /* UIImage+MultiFormat.m */,
				E8F5F1661BF0AE3B00449CB3 /* UIImage+WebP.h */,
				E8F5F1671BF0AE3B00449CB3 /* UIImage+WebP.m */,
				E8F5F1681BF0AE3B00449CB3 /* UIImageView+HighlightedWebCache.h */,
				E8F5F1691BF0AE3B00449CB3 /* UIImageView+HighlightedWebCache.m */,
				E8F5F16A1BF0AE3B00449CB3 /* UIImageView+WebCache.h */,
				E8F5F16B1BF0AE3B00449CB3 /* UIImageView+WebCache.m */,
				E8F5F16C1BF0AE3B00449CB3 /* UIView+WebCacheOperation.h */,
				E8F5F16D1BF0AE3B00449CB3 /* UIView+WebCacheOperation.m */,
			);
			path = SDWebImage;
			sourceTree = "<group>";
		};
/* End PBXGroup section */

/* Begin PBXNativeTarget section */
		092F0F2D1A05B474007CDDCC /* ZLSwipeableViewDemo */ = {
			isa = PBXNativeTarget;
			buildConfigurationList = 092F0F511A05B474007CDDCC /* Build configuration list for PBXNativeTarget "ZLSwipeableViewDemo" */;
			buildPhases = (
				092F0F2A1A05B474007CDDCC /* Sources */,
				092F0F2B1A05B474007CDDCC /* Frameworks */,
				092F0F2C1A05B474007CDDCC /* Resources */,
			);
			buildRules = (
			);
			dependencies = (
			);
			name = ZLSwipeableViewDemo;
			productName = ZLSwipeableViewDemo;
			productReference = 092F0F2E1A05B474007CDDCC /* ZLSwipeableViewDemo.app */;
			productType = "com.apple.product-type.application";
		};
		092F0F461A05B474007CDDCC /* ZLSwipeableViewDemoTests */ = {
			isa = PBXNativeTarget;
			buildConfigurationList = 092F0F541A05B474007CDDCC /* Build configuration list for PBXNativeTarget "ZLSwipeableViewDemoTests" */;
			buildPhases = (
				092F0F431A05B474007CDDCC /* Sources */,
				092F0F441A05B474007CDDCC /* Frameworks */,
				092F0F451A05B474007CDDCC /* Resources */,
			);
			buildRules = (
			);
			dependencies = (
				092F0F491A05B474007CDDCC /* PBXTargetDependency */,
			);
			name = ZLSwipeableViewDemoTests;
			productName = ZLSwipeableViewDemoTests;
			productReference = 092F0F471A05B474007CDDCC /* ZLSwipeableViewDemoTests.xctest */;
			productType = "com.apple.product-type.bundle.unit-test";
		};
/* End PBXNativeTarget section */

/* Begin PBXProject section */
		092F0F261A05B474007CDDCC /* Project object */ = {
			isa = PBXProject;
			attributes = {
				LastUpgradeCheck = 0610;
				ORGANIZATIONNAME = "Zhixuan Lai";
				TargetAttributes = {
					092F0F2D1A05B474007CDDCC = {
						CreatedOnToolsVersion = 6.1;
						DevelopmentTeam = FD3FY3GTVB;
					};
					092F0F461A05B474007CDDCC = {
						CreatedOnToolsVersion = 6.1;
						DevelopmentTeam = FD3FY3GTVB;
						TestTargetID = 092F0F2D1A05B474007CDDCC;
					};
				};
			};
			buildConfigurationList = 092F0F291A05B474007CDDCC /* Build configuration list for PBXProject "ZLSwipeableViewDemo" */;
			compatibilityVersion = "Xcode 3.2";
			developmentRegion = English;
			hasScannedForEncodings = 0;
			knownRegions = (
				en,
				Base,
			);
			mainGroup = 092F0F251A05B474007CDDCC;
			productRefGroup = 092F0F2F1A05B474007CDDCC /* Products */;
			projectDirPath = "";
			projectRoot = "";
			targets = (
				092F0F2D1A05B474007CDDCC /* ZLSwipeableViewDemo */,
				092F0F461A05B474007CDDCC /* ZLSwipeableViewDemoTests */,
			);
		};
/* End PBXProject section */

/* Begin PBXResourcesBuildPhase section */
		092F0F2C1A05B474007CDDCC /* Resources */ = {
			isa = PBXResourcesBuildPhase;
			buildActionMask = 2147483647;
			files = (
				E8F5F1801BF0AF2A00449CB3 /* 百度贴吧副本.json in Resources */,
				092F0F3D1A05B474007CDDCC /* Main.storyboard in Resources */,
				092F0F421A05B474007CDDCC /* LaunchScreen.xib in Resources */,
				E8F5F1811BF0AF2A00449CB3 /* 屏幕快照 2015-11-05 11.40.43.png in Resources */,
				0923646B1A59D90F009BC8B4 /* CardContentView.xib in Resources */,
				092F0F3F1A05B474007CDDCC /* Images.xcassets in Resources */,
			);
			runOnlyForDeploymentPostprocessing = 0;
		};
		092F0F451A05B474007CDDCC /* Resources */ = {
			isa = PBXResourcesBuildPhase;
			buildActionMask = 2147483647;
			files = (
			);
			runOnlyForDeploymentPostprocessing = 0;
		};
/* End PBXResourcesBuildPhase section */

/* Begin PBXSourcesBuildPhase section */
		092F0F2A1A05B474007CDDCC /* Sources */ = {
			isa = PBXSourcesBuildPhase;
			buildActionMask = 2147483647;
			files = (
				E8F5F1721BF0AE3B00449CB3 /* SDWebImageDecoder.m in Sources */,
				E8F5F1751BF0AE3B00449CB3 /* SDWebImageManager.m in Sources */,
				E8F5F16F1BF0AE3B00449CB3 /* NSData+ImageContentType.m in Sources */,
				E8F5F1711BF0AE3B00449CB3 /* SDWebImageCompat.m in Sources */,
				E8F5F17D1BF0AE3B00449CB3 /* UIView+WebCacheOperation.m in Sources */,
				E8F5F17A1BF0AE3B00449CB3 /* UIImage+WebP.m in Sources */,
				092F0F3A1A05B474007CDDCC /* ViewController.m in Sources */,
				E8F5F17B1BF0AE3B00449CB3 /* UIImageView+HighlightedWebCache.m in Sources */,
				092F0F661A05C9CA007CDDCC /* UIColor+FlatColors.m in Sources */,
				E8D110371BE35BD90021F0E5 /* IndexAndDirection.m in Sources */,
				E8F5F1771BF0AE3B00449CB3 /* UIButton+WebCache.m in Sources */,
				E8F5F1761BF0AE3B00449CB3 /* SDWebImagePrefetcher.m in Sources */,
				E8F5F1741BF0AE3B00449CB3 /* SDWebImageDownloaderOperation.m in Sources */,
				092F0F371A05B474007CDDCC /* AppDelegate.m in Sources */,
				092F0F341A05B474007CDDCC /* main.m in Sources */,
				E8F5F1791BF0AE3B00449CB3 /* UIImage+MultiFormat.m in Sources */,
				092F0F691A05DAF9007CDDCC /* CardView.m in Sources */,
				E8F5F1701BF0AE3B00449CB3 /* SDImageCache.m in Sources */,
				E82BA5971BE3116E0038F210 /* ZLPanGestureRecognizer.m in Sources */,
				E82BA5981BE3116E0038F210 /* ZLSwipeableView.m in Sources */,
				E8F5F1781BF0AE3B00449CB3 /* UIImage+GIF.m in Sources */,
				E8F5F1731BF0AE3B00449CB3 /* SDWebImageDownloader.m in Sources */,
				E8F5F17C1BF0AE3B00449CB3 /* UIImageView+WebCache.m in Sources */,
				E8F5F16E1BF0AE3B00449CB3 /* MKAnnotationView+WebCache.m in Sources */,
			);
			runOnlyForDeploymentPostprocessing = 0;
		};
		092F0F431A05B474007CDDCC /* Sources */ = {
			isa = PBXSourcesBuildPhase;
			buildActionMask = 2147483647;
			files = (
				092F0F4E1A05B474007CDDCC /* ZLSwipeableViewDemoTests.m in Sources */,
			);
			runOnlyForDeploymentPostprocessing = 0;
		};
/* End PBXSourcesBuildPhase section */

/* Begin PBXTargetDependency section */
		092F0F491A05B474007CDDCC /* PBXTargetDependency */ = {
			isa = PBXTargetDependency;
			target = 092F0F2D1A05B474007CDDCC /* ZLSwipeableViewDemo */;
			targetProxy = 092F0F481A05B474007CDDCC /* PBXContainerItemProxy */;
		};
/* End PBXTargetDependency section */

/* Begin PBXVariantGroup section */
		092F0F3B1A05B474007CDDCC /* Main.storyboard */ = {
			isa = PBXVariantGroup;
			children = (
				092F0F3C1A05B474007CDDCC /* Base */,
			);
			name = Main.storyboard;
			sourceTree = "<group>";
		};
		092F0F401A05B474007CDDCC /* LaunchScreen.xib */ = {
			isa = PBXVariantGroup;
			children = (
				092F0F411A05B474007CDDCC /* Base */,
			);
			name = LaunchScreen.xib;
			sourceTree = "<group>";
		};
/* End PBXVariantGroup section */

/* Begin XCBuildConfiguration section */
		092F0F4F1A05B474007CDDCC /* Debug */ = {
			isa = XCBuildConfiguration;
			buildSettings = {
				ALWAYS_SEARCH_USER_PATHS = NO;
				CLANG_CXX_LANGUAGE_STANDARD = "gnu++0x";
				CLANG_CXX_LIBRARY = "libc++";
				CLANG_ENABLE_MODULES = YES;
				CLANG_ENABLE_OBJC_ARC = YES;
				CLANG_WARN_BOOL_CONVERSION = YES;
				CLANG_WARN_CONSTANT_CONVERSION = YES;
				CLANG_WARN_DIRECT_OBJC_ISA_USAGE = YES_ERROR;
				CLANG_WARN_EMPTY_BODY = YES;
				CLANG_WARN_ENUM_CONVERSION = YES;
				CLANG_WARN_INT_CONVERSION = YES;
				CLANG_WARN_OBJC_ROOT_CLASS = YES_ERROR;
				CLANG_WARN_UNREACHABLE_CODE = YES;
				CLANG_WARN__DUPLICATE_METHOD_MATCH = YES;
				"CODE_SIGN_IDENTITY[sdk=iphoneos*]" = "iPhone Developer";
				COPY_PHASE_STRIP = NO;
				ENABLE_STRICT_OBJC_MSGSEND = YES;
				GCC_C_LANGUAGE_STANDARD = gnu99;
				GCC_DYNAMIC_NO_PIC = NO;
				GCC_OPTIMIZATION_LEVEL = 0;
				GCC_PREPROCESSOR_DEFINITIONS = (
					"DEBUG=1",
					"$(inherited)",
				);
				GCC_SYMBOLS_PRIVATE_EXTERN = NO;
				GCC_WARN_64_TO_32_BIT_CONVERSION = YES;
				GCC_WARN_ABOUT_RETURN_TYPE = YES_ERROR;
				GCC_WARN_UNDECLARED_SELECTOR = YES;
				GCC_WARN_UNINITIALIZED_AUTOS = YES_AGGRESSIVE;
				GCC_WARN_UNUSED_FUNCTION = YES;
				GCC_WARN_UNUSED_VARIABLE = YES;
				IPHONEOS_DEPLOYMENT_TARGET = 8.1;
				MTL_ENABLE_DEBUG_INFO = YES;
				ONLY_ACTIVE_ARCH = YES;
				SDKROOT = iphoneos;
			};
			name = Debug;
		};
		092F0F501A05B474007CDDCC /* Release */ = {
			isa = XCBuildConfiguration;
			buildSettings = {
				ALWAYS_SEARCH_USER_PATHS = NO;
				CLANG_CXX_LANGUAGE_STANDARD = "gnu++0x";
				CLANG_CXX_LIBRARY = "libc++";
				CLANG_ENABLE_MODULES = YES;
				CLANG_ENABLE_OBJC_ARC = YES;
				CLANG_WARN_BOOL_CONVERSION = YES;
				CLANG_WARN_CONSTANT_CONVERSION = YES;
				CLANG_WARN_DIRECT_OBJC_ISA_USAGE = YES_ERROR;
				CLANG_WARN_EMPTY_BODY = YES;
				CLANG_WARN_ENUM_CONVERSION = YES;
				CLANG_WARN_INT_CONVERSION = YES;
				CLANG_WARN_OBJC_ROOT_CLASS = YES_ERROR;
				CLANG_WARN_UNREACHABLE_CODE = YES;
				CLANG_WARN__DUPLICATE_METHOD_MATCH = YES;
				"CODE_SIGN_IDENTITY[sdk=iphoneos*]" = "iPhone Developer";
				COPY_PHASE_STRIP = YES;
				ENABLE_NS_ASSERTIONS = NO;
				ENABLE_STRICT_OBJC_MSGSEND = YES;
				GCC_C_LANGUAGE_STANDARD = gnu99;
				GCC_WARN_64_TO_32_BIT_CONVERSION = YES;
				GCC_WARN_ABOUT_RETURN_TYPE = YES_ERROR;
				GCC_WARN_UNDECLARED_SELECTOR = YES;
				GCC_WARN_UNINITIALIZED_AUTOS = YES_AGGRESSIVE;
				GCC_WARN_UNUSED_FUNCTION = YES;
				GCC_WARN_UNUSED_VARIABLE = YES;
				IPHONEOS_DEPLOYMENT_TARGET = 8.1;
				MTL_ENABLE_DEBUG_INFO = NO;
				SDKROOT = iphoneos;
				VALIDATE_PRODUCT = YES;
			};
			name = Release;
		};
		092F0F521A05B474007CDDCC /* Debug */ = {
			isa = XCBuildConfiguration;
			buildSettings = {
				ASSETCATALOG_COMPILER_APPICON_NAME = AppIcon;
				CODE_SIGN_IDENTITY = "iPhone Developer";
				"CODE_SIGN_IDENTITY[sdk=iphoneos*]" = "iPhone Developer";
				INFOPLIST_FILE = ZLSwipeableViewDemo/Info.plist;
				IPHONEOS_DEPLOYMENT_TARGET = 7.1;
				LD_RUNPATH_SEARCH_PATHS = "$(inherited) @executable_path/Frameworks";
				PRODUCT_BUNDLE_IDENTIFIER = com.ZLSwipeableViewDemo;
				PRODUCT_NAME = "$(TARGET_NAME)";
				PROVISIONING_PROFILE = "";
				TARGETED_DEVICE_FAMILY = 1;
			};
			name = Debug;
		};
		092F0F531A05B474007CDDCC /* Release */ = {
			isa = XCBuildConfiguration;
			buildSettings = {
				ASSETCATALOG_COMPILER_APPICON_NAME = AppIcon;
				CODE_SIGN_IDENTITY = "iPhone Developer";
				"CODE_SIGN_IDENTITY[sdk=iphoneos*]" = "iPhone Developer";
				INFOPLIST_FILE = ZLSwipeableViewDemo/Info.plist;
				IPHONEOS_DEPLOYMENT_TARGET = 7.1;
				LD_RUNPATH_SEARCH_PATHS = "$(inherited) @executable_path/Frameworks";
				PRODUCT_BUNDLE_IDENTIFIER = com.ZLSwipeableViewDemo;
				PRODUCT_NAME = "$(TARGET_NAME)";
				PROVISIONING_PROFILE = "";
				TARGETED_DEVICE_FAMILY = 1;
			};
			name = Release;
		};
		092F0F551A05B474007CDDCC /* Debug */ = {
			isa = XCBuildConfiguration;
			buildSettings = {
				BUNDLE_LOADER = "$(TEST_HOST)";
				CODE_SIGN_IDENTITY = "iPhone Developer";
				"CODE_SIGN_IDENTITY[sdk=iphoneos*]" = "iPhone Developer";
				FRAMEWORK_SEARCH_PATHS = (
					"$(SDKROOT)/Developer/Library/Frameworks",
					"$(inherited)",
				);
				GCC_PREPROCESSOR_DEFINITIONS = (
					"DEBUG=1",
					"$(inherited)",
				);
				INFOPLIST_FILE = ZLSwipeableViewDemoTests/Info.plist;
				LD_RUNPATH_SEARCH_PATHS = "$(inherited) @executable_path/Frameworks @loader_path/Frameworks";
				PRODUCT_NAME = "$(TARGET_NAME)";
				PROVISIONING_PROFILE = "";
				TEST_HOST = "$(BUILT_PRODUCTS_DIR)/ZLSwipeableViewDemo.app/ZLSwipeableViewDemo";
			};
			name = Debug;
		};
		092F0F561A05B474007CDDCC /* Release */ = {
			isa = XCBuildConfiguration;
			buildSettings = {
				BUNDLE_LOADER = "$(TEST_HOST)";
				CODE_SIGN_IDENTITY = "iPhone Developer";
				"CODE_SIGN_IDENTITY[sdk=iphoneos*]" = "iPhone Developer";
				FRAMEWORK_SEARCH_PATHS = (
					"$(SDKROOT)/Developer/Library/Frameworks",
					"$(inherited)",
				);
				INFOPLIST_FILE = ZLSwipeableViewDemoTests/Info.plist;
				LD_RUNPATH_SEARCH_PATHS = "$(inherited) @executable_path/Frameworks @loader_path/Frameworks";
				PRODUCT_NAME = "$(TARGET_NAME)";
				PROVISIONING_PROFILE = "";
				TEST_HOST = "$(BUILT_PRODUCTS_DIR)/ZLSwipeableViewDemo.app/ZLSwipeableViewDemo";
			};
			name = Release;
		};
/* End XCBuildConfiguration section */

/* Begin XCConfigurationList section */
		092F0F291A05B474007CDDCC /* Build configuration list for PBXProject "ZLSwipeableViewDemo" */ = {
			isa = XCConfigurationList;
			buildConfigurations = (
				092F0F4F1A05B474007CDDCC /* Debug */,
				092F0F501A05B474007CDDCC /* Release */,
			);
			defaultConfigurationIsVisible = 0;
			defaultConfigurationName = Release;
		};
		092F0F511A05B474007CDDCC /* Build configuration list for PBXNativeTarget "ZLSwipeableViewDemo" */ = {
			isa = XCConfigurationList;
			buildConfigurations = (
				092F0F521A05B474007CDDCC /* Debug */,
				092F0F531A05B474007CDDCC /* Release */,
			);
			defaultConfigurationIsVisible = 0;
			defaultConfigurationName = Release;
		};
		092F0F541A05B474007CDDCC /* Build configuration list for PBXNativeTarget "ZLSwipeableViewDemoTests" */ = {
			isa = XCConfigurationList;
			buildConfigurations = (
				092F0F551A05B474007CDDCC /* Debug */,
				092F0F561A05B474007CDDCC /* Release */,
			);
			defaultConfigurationIsVisible = 0;
			defaultConfigurationName = Release;
		};
/* End XCConfigurationList section */
	};
	rootObject = 092F0F261A05B474007CDDCC /* Project object */;
}
