// !$*UTF8*$!
{
	archiveVersion = 1;
	classes = {
	};
	objectVersion = 46;
	objects = {

/* Begin PBXBuildFile section */
		092F0F341A05B474007CDDCC /* main.m in Sources */ = {isa = PBXBuildFile; fileRef = 092F0F331A05B474007CDDCC /* main.m */; };
		092F0F371A05B474007CDDCC /* AppDelegate.m in Sources */ = {isa = PBXBuildFile; fileRef = 092F0F361A05B474007CDDCC /* AppDelegate.m */; };
		092F0F3D1A05B474007CDDCC /* Main.storyboard in Resources */ = {isa = PBXBuildFile; fileRef = 092F0F3B1A05B474007CDDCC /* Main.storyboard */; };
		092F0F3F1A05B474007CDDCC /* Images.xcassets in Resources */ = {isa = PBXBuildFile; fileRef = 092F0F3E1A05B474007CDDCC /* Images.xcassets */; };
		092F0F421A05B474007CDDCC /* LaunchScreen.xib in Resources */ = {isa = PBXBuildFile; fileRef = 092F0F401A05B474007CDDCC /* LaunchScreen.xib */; };
		092F0F4E1A05B474007CDDCC /* ZLSwipeableViewDemoTests.m in Sources */ = {isa = PBXBuildFile; fileRef = 092F0F4D1A05B474007CDDCC /* ZLSwipeableViewDemoTests.m */; };
		092F0F661A05C9CA007CDDCC /* UIColor+FlatColors.m in Sources */ = {isa = PBXBuildFile; fileRef = 092F0F651A05C9CA007CDDCC /* UIColor+FlatColors.m */; };
		D47659301EB33362C8DCC339 /* libPods.a in Frameworks */ = {isa = PBXBuildFile; fileRef = F6D0E740702FEE385B822A83 /* libPods.a */; };
		E82BA5971BE3116E0038F210 /* ZLPanGestureRecognizer.m in Sources */ = {isa = PBXBuildFile; fileRef = E82BA5941BE3116E0038F210 /* ZLPanGestureRecognizer.m */; };
		E82BA5981BE3116E0038F210 /* ZLSwipeableView.m in Sources */ = {isa = PBXBuildFile; fileRef = E82BA5961BE3116E0038F210 /* ZLSwipeableView.m */; };
		E8573CD41BF326DF00713352 /* photo.m in Sources */ = {isa = PBXBuildFile; fileRef = E8573CD31BF326DF00713352 /* photo.m */; };
		E8573CFA1BF33FDD00713352 /* MKAnnotationView+WebCache.m in Sources */ = {isa = PBXBuildFile; fileRef = E8573CDA1BF33FDD00713352 /* MKAnnotationView+WebCache.m */; };
		E8573CFB1BF33FDD00713352 /* NSData+ImageContentType.m in Sources */ = {isa = PBXBuildFile; fileRef = E8573CDC1BF33FDD00713352 /* NSData+ImageContentType.m */; };
		E8573CFC1BF33FDD00713352 /* SDImageCache.m in Sources */ = {isa = PBXBuildFile; fileRef = E8573CDE1BF33FDD00713352 /* SDImageCache.m */; };
		E8573CFD1BF33FDD00713352 /* SDWebImageCompat.m in Sources */ = {isa = PBXBuildFile; fileRef = E8573CE01BF33FDD00713352 /* SDWebImageCompat.m */; };
		E8573CFE1BF33FDD00713352 /* SDWebImageDecoder.m in Sources */ = {isa = PBXBuildFile; fileRef = E8573CE21BF33FDD00713352 /* SDWebImageDecoder.m */; };
		E8573CFF1BF33FDD00713352 /* SDWebImageDownloader.m in Sources */ = {isa = PBXBuildFile; fileRef = E8573CE41BF33FDD00713352 /* SDWebImageDownloader.m */; };
		E8573D001BF33FDD00713352 /* SDWebImageDownloaderOperation.m in Sources */ = {isa = PBXBuildFile; fileRef = E8573CE61BF33FDD00713352 /* SDWebImageDownloaderOperation.m */; };
		E8573D011BF33FDD00713352 /* SDWebImageManager.m in Sources */ = {isa = PBXBuildFile; fileRef = E8573CE81BF33FDD00713352 /* SDWebImageManager.m */; };
		E8573D021BF33FDD00713352 /* SDWebImagePrefetcher.m in Sources */ = {isa = PBXBuildFile; fileRef = E8573CEB1BF33FDD00713352 /* SDWebImagePrefetcher.m */; };
		E8573D031BF33FDD00713352 /* UIButton+WebCache.m in Sources */ = {isa = PBXBuildFile; fileRef = E8573CED1BF33FDD00713352 /* UIButton+WebCache.m */; };
		E8573D041BF33FDD00713352 /* UIImage+GIF.m in Sources */ = {isa = PBXBuildFile; fileRef = E8573CEF1BF33FDD00713352 /* UIImage+GIF.m */; };
		E8573D051BF33FDD00713352 /* UIImage+MultiFormat.m in Sources */ = {isa = PBXBuildFile; fileRef = E8573CF11BF33FDD00713352 /* UIImage+MultiFormat.m */; };
		E8573D061BF33FDD00713352 /* UIImage+WebP.m in Sources */ = {isa = PBXBuildFile; fileRef = E8573CF31BF33FDD00713352 /* UIImage+WebP.m */; };
		E8573D071BF33FDD00713352 /* UIImageView+HighlightedWebCache.m in Sources */ = {isa = PBXBuildFile; fileRef = E8573CF51BF33FDD00713352 /* UIImageView+HighlightedWebCache.m */; };
		E8573D081BF33FDD00713352 /* UIImageView+WebCache.m in Sources */ = {isa = PBXBuildFile; fileRef = E8573CF71BF33FDD00713352 /* UIImageView+WebCache.m */; };
		E8573D091BF33FDD00713352 /* UIView+WebCacheOperation.m in Sources */ = {isa = PBXBuildFile; fileRef = E8573CF91BF33FDD00713352 /* UIView+WebCacheOperation.m */; };
		E8573D0E1BF33FE900713352 /* ProgressHUD.bundle in Resources */ = {isa = PBXBuildFile; fileRef = E8573D0B1BF33FE900713352 /* ProgressHUD.bundle */; };
		E8573D0F1BF33FE900713352 /* ProgressHUD.m in Sources */ = {isa = PBXBuildFile; fileRef = E8573D0D1BF33FE900713352 /* ProgressHUD.m */; };
		E875EA061BF46047005EA5A7 /* RDVTabBar.m in Sources */ = {isa = PBXBuildFile; fileRef = E875EA011BF46047005EA5A7 /* RDVTabBar.m */; };
		E875EA071BF46047005EA5A7 /* RDVTabBarController.m in Sources */ = {isa = PBXBuildFile; fileRef = E875EA031BF46047005EA5A7 /* RDVTabBarController.m */; };
		E875EA081BF46047005EA5A7 /* RDVTabBarItem.m in Sources */ = {isa = PBXBuildFile; fileRef = E875EA051BF46047005EA5A7 /* RDVTabBarItem.m */; };
		E875EA111BF4621D005EA5A7 /* CardContentView.xib in Resources */ = {isa = PBXBuildFile; fileRef = E875EA0E1BF4621D005EA5A7 /* CardContentView.xib */; };
		E875EA121BF4621D005EA5A7 /* CardView.m in Sources */ = {isa = PBXBuildFile; fileRef = E875EA101BF4621D005EA5A7 /* CardView.m */; };
		E875EA161BF4627E005EA5A7 /* settingViewController.m in Sources */ = {isa = PBXBuildFile; fileRef = E875EA141BF4627E005EA5A7 /* settingViewController.m */; };
		E875EA171BF4627E005EA5A7 /* settingViewController.xib in Resources */ = {isa = PBXBuildFile; fileRef = E875EA151BF4627E005EA5A7 /* settingViewController.xib */; };
		E875EA1B1BF46365005EA5A7 /* myInfoViewController.m in Sources */ = {isa = PBXBuildFile; fileRef = E875EA191BF46365005EA5A7 /* myInfoViewController.m */; };
		E875EA1C1BF46365005EA5A7 /* myInfoViewController.xib in Resources */ = {isa = PBXBuildFile; fileRef = E875EA1A1BF46365005EA5A7 /* myInfoViewController.xib */; };
		E875EA201BF4638E005EA5A7 /* creatPhotoViewController.m in Sources */ = {isa = PBXBuildFile; fileRef = E875EA1E1BF4638E005EA5A7 /* creatPhotoViewController.m */; };
		E875EA211BF4638E005EA5A7 /* creatPhotoViewController.xib in Resources */ = {isa = PBXBuildFile; fileRef = E875EA1F1BF4638E005EA5A7 /* creatPhotoViewController.xib */; };
		E875EA371BF46482005EA5A7 /* first_normal.png in Resources */ = {isa = PBXBuildFile; fileRef = E875EA231BF46482005EA5A7 /* first_normal.png */; };
		E875EA381BF46482005EA5A7 /* first_normal@2x.png in Resources */ = {isa = PBXBuildFile; fileRef = E875EA241BF46482005EA5A7 /* first_normal@2x.png */; };
		E875EA391BF46482005EA5A7 /* first_selected.png in Resources */ = {isa = PBXBuildFile; fileRef = E875EA251BF46482005EA5A7 /* first_selected.png */; };
		E875EA3A1BF46482005EA5A7 /* first_selected@2x.png in Resources */ = {isa = PBXBuildFile; fileRef = E875EA261BF46482005EA5A7 /* first_selected@2x.png */; };
		E875EA3B1BF46482005EA5A7 /* navigationbar_background.png in Resources */ = {isa = PBXBuildFile; fileRef = E875EA271BF46482005EA5A7 /* navigationbar_background.png */; };
		E875EA3C1BF46482005EA5A7 /* navigationbar_background@2x.png in Resources */ = {isa = PBXBuildFile; fileRef = E875EA281BF46482005EA5A7 /* navigationbar_background@2x.png */; };
		E875EA3D1BF46482005EA5A7 /* navigationbar_background_tall.png in Resources */ = {isa = PBXBuildFile; fileRef = E875EA291BF46482005EA5A7 /* navigationbar_background_tall.png */; };
		E875EA3E1BF46482005EA5A7 /* navigationbar_background_tall@2x.png in Resources */ = {isa = PBXBuildFile; fileRef = E875EA2A1BF46482005EA5A7 /* navigationbar_background_tall@2x.png */; };
		E875EA3F1BF46482005EA5A7 /* second_normal.png in Resources */ = {isa = PBXBuildFile; fileRef = E875EA2B1BF46482005EA5A7 /* second_normal.png */; };
		E875EA401BF46482005EA5A7 /* second_normal@2x.png in Resources */ = {isa = PBXBuildFile; fileRef = E875EA2C1BF46482005EA5A7 /* second_normal@2x.png */; };
		E875EA411BF46482005EA5A7 /* second_selected.png in Resources */ = {isa = PBXBuildFile; fileRef = E875EA2D1BF46482005EA5A7 /* second_selected.png */; };
		E875EA421BF46482005EA5A7 /* second_selected@2x.png in Resources */ = {isa = PBXBuildFile; fileRef = E875EA2E1BF46482005EA5A7 /* second_selected@2x.png */; };
		E875EA431BF46482005EA5A7 /* tabbar_normal_background.png in Resources */ = {isa = PBXBuildFile; fileRef = E875EA2F1BF46482005EA5A7 /* tabbar_normal_background.png */; };
		E875EA441BF46482005EA5A7 /* tabbar_normal_background@2x.png in Resources */ = {isa = PBXBuildFile; fileRef = E875EA301BF46482005EA5A7 /* tabbar_normal_background@2x.png */; };
		E875EA451BF46482005EA5A7 /* tabbar_selected_background.png in Resources */ = {isa = PBXBuildFile; fileRef = E875EA311BF46482005EA5A7 /* tabbar_selected_background.png */; };
		E875EA461BF46482005EA5A7 /* tabbar_selected_background@2x.png in Resources */ = {isa = PBXBuildFile; fileRef = E875EA321BF46482005EA5A7 /* tabbar_selected_background@2x.png */; };
		E875EA471BF46482005EA5A7 /* third_normal.png in Resources */ = {isa = PBXBuildFile; fileRef = E875EA331BF46482005EA5A7 /* third_normal.png */; };
		E875EA481BF46482005EA5A7 /* third_normal@2x.png in Resources */ = {isa = PBXBuildFile; fileRef = E875EA341BF46482005EA5A7 /* third_normal@2x.png */; };
		E875EA491BF46482005EA5A7 /* third_selected.png in Resources */ = {isa = PBXBuildFile; fileRef = E875EA351BF46482005EA5A7 /* third_selected.png */; };
		E875EA4A1BF46482005EA5A7 /* third_selected@2x.png in Resources */ = {isa = PBXBuildFile; fileRef = E875EA361BF46482005EA5A7 /* third_selected@2x.png */; };
		E875EA4E1BF468D3005EA5A7 /* mainViewController.m in Sources */ = {isa = PBXBuildFile; fileRef = E875EA4C1BF468D3005EA5A7 /* mainViewController.m */; };
		E875EA4F1BF468D3005EA5A7 /* mainViewController.xib in Resources */ = {isa = PBXBuildFile; fileRef = E875EA4D1BF468D3005EA5A7 /* mainViewController.xib */; };
		E875EA521BF47103005EA5A7 /* extendMothods.m in Sources */ = {isa = PBXBuildFile; fileRef = E875EA511BF47103005EA5A7 /* extendMothods.m */; };
		E875EA561BF481BA005EA5A7 /* photoDetailViewController.m in Sources */ = {isa = PBXBuildFile; fileRef = E875EA541BF481BA005EA5A7 /* photoDetailViewController.m */; };
		E875EA571BF481BA005EA5A7 /* photoDetailViewController.xib in Resources */ = {isa = PBXBuildFile; fileRef = E875EA551BF481BA005EA5A7 /* photoDetailViewController.xib */; };
		E8D110371BE35BD90021F0E5 /* IndexAndDirection.m in Sources */ = {isa = PBXBuildFile; fileRef = E8D110361BE35BD90021F0E5 /* IndexAndDirection.m */; };
		E8F5F1801BF0AF2A00449CB3 /* 百度贴吧副本.json in Resources */ = {isa = PBXBuildFile; fileRef = E8F5F17E1BF0AF2A00449CB3 /* 百度贴吧副本.json */; };
		E8F5F1811BF0AF2A00449CB3 /* 屏幕快照 2015-11-05 11.40.43.png in Resources */ = {isa = PBXBuildFile; fileRef = E8F5F17F1BF0AF2A00449CB3 /* 屏幕快照 2015-11-05 11.40.43.png */; };
/* End PBXBuildFile section */

/* Begin PBXContainerItemProxy section */
		092F0F481A05B474007CDDCC /* PBXContainerItemProxy */ = {
			isa = PBXContainerItemProxy;
			containerPortal = 092F0F261A05B474007CDDCC /* Project object */;
			proxyType = 1;
			remoteGlobalIDString = 092F0F2D1A05B474007CDDCC;
			remoteInfo = ZLSwipeableViewDemo;
		};
/* End PBXContainerItemProxy section */

/* Begin PBXFileReference section */
		092F0F2E1A05B474007CDDCC /* photo.app */ = {isa = PBXFileReference; explicitFileType = wrapper.application; includeInIndex = 0; path = photo.app; sourceTree = BUILT_PRODUCTS_DIR; };
		092F0F321A05B474007CDDCC /* Info.plist */ = {isa = PBXFileReference; lastKnownFileType = text.plist.xml; path = Info.plist; sourceTree = "<group>"; };
		092F0F331A05B474007CDDCC /* main.m */ = {isa = PBXFileReference; lastKnownFileType = sourcecode.c.objc; path = main.m; sourceTree = "<group>"; };
		092F0F351A05B474007CDDCC /* AppDelegate.h */ = {isa = PBXFileReference; lastKnownFileType = sourcecode.c.h; path = AppDelegate.h; sourceTree = "<group>"; };
		092F0F361A05B474007CDDCC /* AppDelegate.m */ = {isa = PBXFileReference; lastKnownFileType = sourcecode.c.objc; path = AppDelegate.m; sourceTree = "<group>"; };
		092F0F3C1A05B474007CDDCC /* Base */ = {isa = PBXFileReference; lastKnownFileType = file.storyboard; name = Base; path = Base.lproj/Main.storyboard; sourceTree = "<group>"; };
		092F0F3E1A05B474007CDDCC /* Images.xcassets */ = {isa = PBXFileReference; lastKnownFileType = folder.assetcatalog; path = Images.xcassets; sourceTree = "<group>"; };
		092F0F411A05B474007CDDCC /* Base */ = {isa = PBXFileReference; lastKnownFileType = file.xib; name = Base; path = Base.lproj/LaunchScreen.xib; sourceTree = "<group>"; };
		092F0F471A05B474007CDDCC /* photo.xctest */ = {isa = PBXFileReference; explicitFileType = wrapper.cfbundle; includeInIndex = 0; path = photo.xctest; sourceTree = BUILT_PRODUCTS_DIR; };
		092F0F4C1A05B474007CDDCC /* Info.plist */ = {isa = PBXFileReference; lastKnownFileType = text.plist.xml; path = Info.plist; sourceTree = "<group>"; };
		092F0F4D1A05B474007CDDCC /* ZLSwipeableViewDemoTests.m */ = {isa = PBXFileReference; lastKnownFileType = sourcecode.c.objc; path = ZLSwipeableViewDemoTests.m; sourceTree = "<group>"; };
		092F0F641A05C9CA007CDDCC /* UIColor+FlatColors.h */ = {isa = PBXFileReference; fileEncoding = 4; lastKnownFileType = sourcecode.c.h; path = "UIColor+FlatColors.h"; sourceTree = "<group>"; };
		092F0F651A05C9CA007CDDCC /* UIColor+FlatColors.m */ = {isa = PBXFileReference; fileEncoding = 4; lastKnownFileType = sourcecode.c.objc; path = "UIColor+FlatColors.m"; sourceTree = "<group>"; };
		1A97D5CDBAB0FCB2AA46B44C /* Pods.release.xcconfig */ = {isa = PBXFileReference; includeInIndex = 1; lastKnownFileType = text.xcconfig; name = Pods.release.xcconfig; path = "Pods/Target Support Files/Pods/Pods.release.xcconfig"; sourceTree = "<group>"; };
		E649A5FA752880E447EF86A6 /* Pods.debug.xcconfig */ = {isa = PBXFileReference; includeInIndex = 1; lastKnownFileType = text.xcconfig; name = Pods.debug.xcconfig; path = "Pods/Target Support Files/Pods/Pods.debug.xcconfig"; sourceTree = "<group>"; };
		E82BA5931BE3116E0038F210 /* ZLPanGestureRecognizer.h */ = {isa = PBXFileReference; fileEncoding = 4; lastKnownFileType = sourcecode.c.h; path = ZLPanGestureRecognizer.h; sourceTree = "<group>"; };
		E82BA5941BE3116E0038F210 /* ZLPanGestureRecognizer.m */ = {isa = PBXFileReference; fileEncoding = 4; lastKnownFileType = sourcecode.c.objc; path = ZLPanGestureRecognizer.m; sourceTree = "<group>"; };
		E82BA5951BE3116E0038F210 /* ZLSwipeableView.h */ = {isa = PBXFileReference; fileEncoding = 4; lastKnownFileType = sourcecode.c.h; path = ZLSwipeableView.h; sourceTree = "<group>"; };
		E82BA5961BE3116E0038F210 /* ZLSwipeableView.m */ = {isa = PBXFileReference; fileEncoding = 4; lastKnownFileType = sourcecode.c.objc; path = ZLSwipeableView.m; sourceTree = "<group>"; };
		E8573CD21BF326DF00713352 /* photo.h */ = {isa = PBXFileReference; fileEncoding = 4; lastKnownFileType = sourcecode.c.h; path = photo.h; sourceTree = "<group>"; };
		E8573CD31BF326DF00713352 /* photo.m */ = {isa = PBXFileReference; fileEncoding = 4; lastKnownFileType = sourcecode.c.objc; path = photo.m; sourceTree = "<group>"; };
		E8573CD91BF33FDD00713352 /* MKAnnotationView+WebCache.h */ = {isa = PBXFileReference; fileEncoding = 4; lastKnownFileType = sourcecode.c.h; path = "MKAnnotationView+WebCache.h"; sourceTree = "<group>"; };
		E8573CDA1BF33FDD00713352 /* MKAnnotationView+WebCache.m */ = {isa = PBXFileReference; fileEncoding = 4; lastKnownFileType = sourcecode.c.objc; path = "MKAnnotationView+WebCache.m"; sourceTree = "<group>"; };
		E8573CDB1BF33FDD00713352 /* NSData+ImageContentType.h */ = {isa = PBXFileReference; fileEncoding = 4; lastKnownFileType = sourcecode.c.h; path = "NSData+ImageContentType.h"; sourceTree = "<group>"; };
		E8573CDC1BF33FDD00713352 /* NSData+ImageContentType.m */ = {isa = PBXFileReference; fileEncoding = 4; lastKnownFileType = sourcecode.c.objc; path = "NSData+ImageContentType.m"; sourceTree = "<group>"; };
		E8573CDD1BF33FDD00713352 /* SDImageCache.h */ = {isa = PBXFileReference; fileEncoding = 4; lastKnownFileType = sourcecode.c.h; path = SDImageCache.h; sourceTree = "<group>"; };
		E8573CDE1BF33FDD00713352 /* SDImageCache.m */ = {isa = PBXFileReference; fileEncoding = 4; lastKnownFileType = sourcecode.c.objc; path = SDImageCache.m; sourceTree = "<group>"; };
		E8573CDF1BF33FDD00713352 /* SDWebImageCompat.h */ = {isa = PBXFileReference; fileEncoding = 4; lastKnownFileType = sourcecode.c.h; path = SDWebImageCompat.h; sourceTree = "<group>"; };
		E8573CE01BF33FDD00713352 /* SDWebImageCompat.m */ = {isa = PBXFileReference; fileEncoding = 4; lastKnownFileType = sourcecode.c.objc; path = SDWebImageCompat.m; sourceTree = "<group>"; };
		E8573CE11BF33FDD00713352 /* SDWebImageDecoder.h */ = {isa = PBXFileReference; fileEncoding = 4; lastKnownFileType = sourcecode.c.h; path = SDWebImageDecoder.h; sourceTree = "<group>"; };
		E8573CE21BF33FDD00713352 /* SDWebImageDecoder.m */ = {isa = PBXFileReference; fileEncoding = 4; lastKnownFileType = sourcecode.c.objc; path = SDWebImageDecoder.m; sourceTree = "<group>"; };
		E8573CE31BF33FDD00713352 /* SDWebImageDownloader.h */ = {isa = PBXFileReference; fileEncoding = 4; lastKnownFileType = sourcecode.c.h; path = SDWebImageDownloader.h; sourceTree = "<group>"; };
		E8573CE41BF33FDD00713352 /* SDWebImageDownloader.m */ = {isa = PBXFileReference; fileEncoding = 4; lastKnownFileType = sourcecode.c.objc; path = SDWebImageDownloader.m; sourceTree = "<group>"; };
		E8573CE51BF33FDD00713352 /* SDWebImageDownloaderOperation.h */ = {isa = PBXFileReference; fileEncoding = 4; lastKnownFileType = sourcecode.c.h; path = SDWebImageDownloaderOperation.h; sourceTree = "<group>"; };
		E8573CE61BF33FDD00713352 /* SDWebImageDownloaderOperation.m */ = {isa = PBXFileReference; fileEncoding = 4; lastKnownFileType = sourcecode.c.objc; path = SDWebImageDownloaderOperation.m; sourceTree = "<group>"; };
		E8573CE71BF33FDD00713352 /* SDWebImageManager.h */ = {isa = PBXFileReference; fileEncoding = 4; lastKnownFileType = sourcecode.c.h; path = SDWebImageManager.h; sourceTree = "<group>"; };
		E8573CE81BF33FDD00713352 /* SDWebImageManager.m */ = {isa = PBXFileReference; fileEncoding = 4; lastKnownFileType = sourcecode.c.objc; path = SDWebImageManager.m; sourceTree = "<group>"; };
		E8573CE91BF33FDD00713352 /* SDWebImageOperation.h */ = {isa = PBXFileReference; fileEncoding = 4; lastKnownFileType = sourcecode.c.h; path = SDWebImageOperation.h; sourceTree = "<group>"; };
		E8573CEA1BF33FDD00713352 /* SDWebImagePrefetcher.h */ = {isa = PBXFileReference; fileEncoding = 4; lastKnownFileType = sourcecode.c.h; path = SDWebImagePrefetcher.h; sourceTree = "<group>"; };
		E8573CEB1BF33FDD00713352 /* SDWebImagePrefetcher.m */ = {isa = PBXFileReference; fileEncoding = 4; lastKnownFileType = sourcecode.c.objc; path = SDWebImagePrefetcher.m; sourceTree = "<group>"; };
		E8573CEC1BF33FDD00713352 /* UIButton+WebCache.h */ = {isa = PBXFileReference; fileEncoding = 4; lastKnownFileType = sourcecode.c.h; path = "UIButton+WebCache.h"; sourceTree = "<group>"; };
		E8573CED1BF33FDD00713352 /* UIButton+WebCache.m */ = {isa = PBXFileReference; fileEncoding = 4; lastKnownFileType = sourcecode.c.objc; path = "UIButton+WebCache.m"; sourceTree = "<group>"; };
		E8573CEE1BF33FDD00713352 /* UIImage+GIF.h */ = {isa = PBXFileReference; fileEncoding = 4; lastKnownFileType = sourcecode.c.h; path = "UIImage+GIF.h"; sourceTree = "<group>"; };
		E8573CEF1BF33FDD00713352 /* UIImage+GIF.m */ = {isa = PBXFileReference; fileEncoding = 4; lastKnownFileType = sourcecode.c.objc; path = "UIImage+GIF.m"; sourceTree = "<group>"; };
		E8573CF01BF33FDD00713352 /* UIImage+MultiFormat.h */ = {isa = PBXFileReference; fileEncoding = 4; lastKnownFileType = sourcecode.c.h; path = "UIImage+MultiFormat.h"; sourceTree = "<group>"; };
		E8573CF11BF33FDD00713352 /* UIImage+MultiFormat.m */ = {isa = PBXFileReference; fileEncoding = 4; lastKnownFileType = sourcecode.c.objc; path = "UIImage+MultiFormat.m"; sourceTree = "<group>"; };
		E8573CF21BF33FDD00713352 /* UIImage+WebP.h */ = {isa = PBXFileReference; fileEncoding = 4; lastKnownFileType = sourcecode.c.h; path = "UIImage+WebP.h"; sourceTree = "<group>"; };
		E8573CF31BF33FDD00713352 /* UIImage+WebP.m */ = {isa = PBXFileReference; fileEncoding = 4; lastKnownFileType = sourcecode.c.objc; path = "UIImage+WebP.m"; sourceTree = "<group>"; };
		E8573CF41BF33FDD00713352 /* UIImageView+HighlightedWebCache.h */ = {isa = PBXFileReference; fileEncoding = 4; lastKnownFileType = sourcecode.c.h; path = "UIImageView+HighlightedWebCache.h"; sourceTree = "<group>"; };
		E8573CF51BF33FDD00713352 /* UIImageView+HighlightedWebCache.m */ = {isa = PBXFileReference; fileEncoding = 4; lastKnownFileType = sourcecode.c.objc; path = "UIImageView+HighlightedWebCache.m"; sourceTree = "<group>"; };
		E8573CF61BF33FDD00713352 /* UIImageView+WebCache.h */ = {isa = PBXFileReference; fileEncoding = 4; lastKnownFileType = sourcecode.c.h; path = "UIImageView+WebCache.h"; sourceTree = "<group>"; };
		E8573CF71BF33FDD00713352 /* UIImageView+WebCache.m */ = {isa = PBXFileReference; fileEncoding = 4; lastKnownFileType = sourcecode.c.objc; path = "UIImageView+WebCache.m"; sourceTree = "<group>"; };
		E8573CF81BF33FDD00713352 /* UIView+WebCacheOperation.h */ = {isa = PBXFileReference; fileEncoding = 4; lastKnownFileType = sourcecode.c.h; path = "UIView+WebCacheOperation.h"; sourceTree = "<group>"; };
		E8573CF91BF33FDD00713352 /* UIView+WebCacheOperation.m */ = {isa = PBXFileReference; fileEncoding = 4; lastKnownFileType = sourcecode.c.objc; path = "UIView+WebCacheOperation.m"; sourceTree = "<group>"; };
		E8573D0B1BF33FE900713352 /* ProgressHUD.bundle */ = {isa = PBXFileReference; lastKnownFileType = "wrapper.plug-in"; path = ProgressHUD.bundle; sourceTree = "<group>"; };
		E8573D0C1BF33FE900713352 /* ProgressHUD.h */ = {isa = PBXFileReference; fileEncoding = 4; lastKnownFileType = sourcecode.c.h; path = ProgressHUD.h; sourceTree = "<group>"; };
		E8573D0D1BF33FE900713352 /* ProgressHUD.m */ = {isa = PBXFileReference; fileEncoding = 4; lastKnownFileType = sourcecode.c.objc; path = ProgressHUD.m; sourceTree = "<group>"; };
		E875EA001BF46047005EA5A7 /* RDVTabBar.h */ = {isa = PBXFileReference; fileEncoding = 4; lastKnownFileType = sourcecode.c.h; path = RDVTabBar.h; sourceTree = "<group>"; };
		E875EA011BF46047005EA5A7 /* RDVTabBar.m */ = {isa = PBXFileReference; fileEncoding = 4; lastKnownFileType = sourcecode.c.objc; path = RDVTabBar.m; sourceTree = "<group>"; };
		E875EA021BF46047005EA5A7 /* RDVTabBarController.h */ = {isa = PBXFileReference; fileEncoding = 4; lastKnownFileType = sourcecode.c.h; path = RDVTabBarController.h; sourceTree = "<group>"; };
		E875EA031BF46047005EA5A7 /* RDVTabBarController.m */ = {isa = PBXFileReference; fileEncoding = 4; lastKnownFileType = sourcecode.c.objc; path = RDVTabBarController.m; sourceTree = "<group>"; };
		E875EA041BF46047005EA5A7 /* RDVTabBarItem.h */ = {isa = PBXFileReference; fileEncoding = 4; lastKnownFileType = sourcecode.c.h; path = RDVTabBarItem.h; sourceTree = "<group>"; };
		E875EA051BF46047005EA5A7 /* RDVTabBarItem.m */ = {isa = PBXFileReference; fileEncoding = 4; lastKnownFileType = sourcecode.c.objc; path = RDVTabBarItem.m; sourceTree = "<group>"; };
		E875EA0E1BF4621D005EA5A7 /* CardContentView.xib */ = {isa = PBXFileReference; fileEncoding = 4; lastKnownFileType = file.xib; path = CardContentView.xib; sourceTree = "<group>"; };
		E875EA0F1BF4621D005EA5A7 /* CardView.h */ = {isa = PBXFileReference; fileEncoding = 4; lastKnownFileType = sourcecode.c.h; path = CardView.h; sourceTree = "<group>"; };
		E875EA101BF4621D005EA5A7 /* CardView.m */ = {isa = PBXFileReference; fileEncoding = 4; lastKnownFileType = sourcecode.c.objc; path = CardView.m; sourceTree = "<group>"; };
		E875EA131BF4627E005EA5A7 /* settingViewController.h */ = {isa = PBXFileReference; fileEncoding = 4; lastKnownFileType = sourcecode.c.h; path = settingViewController.h; sourceTree = "<group>"; };
		E875EA141BF4627E005EA5A7 /* settingViewController.m */ = {isa = PBXFileReference; fileEncoding = 4; lastKnownFileType = sourcecode.c.objc; path = settingViewController.m; sourceTree = "<group>"; };
		E875EA151BF4627E005EA5A7 /* settingViewController.xib */ = {isa = PBXFileReference; fileEncoding = 4; lastKnownFileType = file.xib; path = settingViewController.xib; sourceTree = "<group>"; };
		E875EA181BF46365005EA5A7 /* myInfoViewController.h */ = {isa = PBXFileReference; fileEncoding = 4; lastKnownFileType = sourcecode.c.h; path = myInfoViewController.h; sourceTree = "<group>"; };
		E875EA191BF46365005EA5A7 /* myInfoViewController.m */ = {isa = PBXFileReference; fileEncoding = 4; lastKnownFileType = sourcecode.c.objc; path = myInfoViewController.m; sourceTree = "<group>"; };
		E875EA1A1BF46365005EA5A7 /* myInfoViewController.xib */ = {isa = PBXFileReference; fileEncoding = 4; lastKnownFileType = file.xib; path = myInfoViewController.xib; sourceTree = "<group>"; };
		E875EA1D1BF4638E005EA5A7 /* creatPhotoViewController.h */ = {isa = PBXFileReference; fileEncoding = 4; lastKnownFileType = sourcecode.c.h; path = creatPhotoViewController.h; sourceTree = "<group>"; };
		E875EA1E1BF4638E005EA5A7 /* creatPhotoViewController.m */ = {isa = PBXFileReference; fileEncoding = 4; lastKnownFileType = sourcecode.c.objc; path = creatPhotoViewController.m; sourceTree = "<group>"; };
		E875EA1F1BF4638E005EA5A7 /* creatPhotoViewController.xib */ = {isa = PBXFileReference; fileEncoding = 4; lastKnownFileType = file.xib; path = creatPhotoViewController.xib; sourceTree = "<group>"; };
		E875EA231BF46482005EA5A7 /* first_normal.png */ = {isa = PBXFileReference; lastKnownFileType = image.png; path = first_normal.png; sourceTree = "<group>"; };
		E875EA241BF46482005EA5A7 /* first_normal@2x.png */ = {isa = PBXFileReference; lastKnownFileType = image.png; path = "first_normal@2x.png"; sourceTree = "<group>"; };
		E875EA251BF46482005EA5A7 /* first_selected.png */ = {isa = PBXFileReference; lastKnownFileType = image.png; path = first_selected.png; sourceTree = "<group>"; };
		E875EA261BF46482005EA5A7 /* first_selected@2x.png */ = {isa = PBXFileReference; lastKnownFileType = image.png; path = "first_selected@2x.png"; sourceTree = "<group>"; };
		E875EA271BF46482005EA5A7 /* navigationbar_background.png */ = {isa = PBXFileReference; lastKnownFileType = image.png; path = navigationbar_background.png; sourceTree = "<group>"; };
		E875EA281BF46482005EA5A7 /* navigationbar_background@2x.png */ = {isa = PBXFileReference; lastKnownFileType = image.png; path = "navigationbar_background@2x.png"; sourceTree = "<group>"; };
		E875EA291BF46482005EA5A7 /* navigationbar_background_tall.png */ = {isa = PBXFileReference; lastKnownFileType = image.png; path = navigationbar_background_tall.png; sourceTree = "<group>"; };
		E875EA2A1BF46482005EA5A7 /* navigationbar_background_tall@2x.png */ = {isa = PBXFileReference; lastKnownFileType = image.png; path = "navigationbar_background_tall@2x.png"; sourceTree = "<group>"; };
		E875EA2B1BF46482005EA5A7 /* second_normal.png */ = {isa = PBXFileReference; lastKnownFileType = image.png; path = second_normal.png; sourceTree = "<group>"; };
		E875EA2C1BF46482005EA5A7 /* second_normal@2x.png */ = {isa = PBXFileReference; lastKnownFileType = image.png; path = "second_normal@2x.png"; sourceTree = "<group>"; };
		E875EA2D1BF46482005EA5A7 /* second_selected.png */ = {isa = PBXFileReference; lastKnownFileType = image.png; path = second_selected.png; sourceTree = "<group>"; };
		E875EA2E1BF46482005EA5A7 /* second_selected@2x.png */ = {isa = PBXFileReference; lastKnownFileType = image.png; path = "second_selected@2x.png"; sourceTree = "<group>"; };
		E875EA2F1BF46482005EA5A7 /* tabbar_normal_background.png */ = {isa = PBXFileReference; lastKnownFileType = image.png; path = tabbar_normal_background.png; sourceTree = "<group>"; };
		E875EA301BF46482005EA5A7 /* tabbar_normal_background@2x.png */ = {isa = PBXFileReference; lastKnownFileType = image.png; path = "tabbar_normal_background@2x.png"; sourceTree = "<group>"; };
		E875EA311BF46482005EA5A7 /* tabbar_selected_background.png */ = {isa = PBXFileReference; lastKnownFileType = image.png; path = tabbar_selected_background.png; sourceTree = "<group>"; };
		E875EA321BF46482005EA5A7 /* tabbar_selected_background@2x.png */ = {isa = PBXFileReference; lastKnownFileType = image.png; path = "tabbar_selected_background@2x.png"; sourceTree = "<group>"; };
		E875EA331BF46482005EA5A7 /* third_normal.png */ = {isa = PBXFileReference; lastKnownFileType = image.png; path = third_normal.png; sourceTree = "<group>"; };
		E875EA341BF46482005EA5A7 /* third_normal@2x.png */ = {isa = PBXFileReference; lastKnownFileType = image.png; path = "third_normal@2x.png"; sourceTree = "<group>"; };
		E875EA351BF46482005EA5A7 /* third_selected.png */ = {isa = PBXFileReference; lastKnownFileType = image.png; path = third_selected.png; sourceTree = "<group>"; };
		E875EA361BF46482005EA5A7 /* third_selected@2x.png */ = {isa = PBXFileReference; lastKnownFileType = image.png; path = "third_selected@2x.png"; sourceTree = "<group>"; };
		E875EA4B1BF468D3005EA5A7 /* mainViewController.h */ = {isa = PBXFileReference; fileEncoding = 4; lastKnownFileType = sourcecode.c.h; path = mainViewController.h; sourceTree = "<group>"; };
		E875EA4C1BF468D3005EA5A7 /* mainViewController.m */ = {isa = PBXFileReference; fileEncoding = 4; lastKnownFileType = sourcecode.c.objc; path = mainViewController.m; sourceTree = "<group>"; };
		E875EA4D1BF468D3005EA5A7 /* mainViewController.xib */ = {isa = PBXFileReference; fileEncoding = 4; lastKnownFileType = file.xib; path = mainViewController.xib; sourceTree = "<group>"; };
		E875EA501BF47103005EA5A7 /* extendMothods.h */ = {isa = PBXFileReference; fileEncoding = 4; lastKnownFileType = sourcecode.c.h; path = extendMothods.h; sourceTree = "<group>"; };
		E875EA511BF47103005EA5A7 /* extendMothods.m */ = {isa = PBXFileReference; fileEncoding = 4; lastKnownFileType = sourcecode.c.objc; path = extendMothods.m; sourceTree = "<group>"; };
		E875EA531BF481BA005EA5A7 /* photoDetailViewController.h */ = {isa = PBXFileReference; fileEncoding = 4; lastKnownFileType = sourcecode.c.h; path = photoDetailViewController.h; sourceTree = "<group>"; };
		E875EA541BF481BA005EA5A7 /* photoDetailViewController.m */ = {isa = PBXFileReference; fileEncoding = 4; lastKnownFileType = sourcecode.c.objc; path = photoDetailViewController.m; sourceTree = "<group>"; };
		E875EA551BF481BA005EA5A7 /* photoDetailViewController.xib */ = {isa = PBXFileReference; fileEncoding = 4; lastKnownFileType = file.xib; path = photoDetailViewController.xib; sourceTree = "<group>"; };
		E8D110351BE35BD90021F0E5 /* IndexAndDirection.h */ = {isa = PBXFileReference; fileEncoding = 4; lastKnownFileType = sourcecode.c.h; path = IndexAndDirection.h; sourceTree = "<group>"; };
		E8D110361BE35BD90021F0E5 /* IndexAndDirection.m */ = {isa = PBXFileReference; fileEncoding = 4; lastKnownFileType = sourcecode.c.objc; path = IndexAndDirection.m; sourceTree = "<group>"; };
		E8F5F17E1BF0AF2A00449CB3 /* 百度贴吧副本.json */ = {isa = PBXFileReference; fileEncoding = 4; lastKnownFileType = text.json; path = "百度贴吧副本.json"; sourceTree = "<group>"; };
		E8F5F17F1BF0AF2A00449CB3 /* 屏幕快照 2015-11-05 11.40.43.png */ = {isa = PBXFileReference; lastKnownFileType = image.png; path = "屏幕快照 2015-11-05 11.40.43.png"; sourceTree = "<group>"; };
		F6D0E740702FEE385B822A83 /* libPods.a */ = {isa = PBXFileReference; explicitFileType = archive.ar; includeInIndex = 0; path = libPods.a; sourceTree = BUILT_PRODUCTS_DIR; };
/* End PBXFileReference section */

/* Begin PBXFrameworksBuildPhase section */
		092F0F2B1A05B474007CDDCC /* Frameworks */ = {
			isa = PBXFrameworksBuildPhase;
			buildActionMask = 2147483647;
			files = (
				D47659301EB33362C8DCC339 /* libPods.a in Frameworks */,
			);
			runOnlyForDeploymentPostprocessing = 0;
		};
		092F0F441A05B474007CDDCC /* Frameworks */ = {
			isa = PBXFrameworksBuildPhase;
			buildActionMask = 2147483647;
			files = (
			);
			runOnlyForDeploymentPostprocessing = 0;
		};
/* End PBXFrameworksBuildPhase section */

/* Begin PBXGroup section */
		092F0F251A05B474007CDDCC = {
			isa = PBXGroup;
			children = (
				092F0F301A05B474007CDDCC /* ZLSwipeableViewDemo */,
				092F0F4A1A05B474007CDDCC /* ZLSwipeableViewDemoTests */,
				092F0F2F1A05B474007CDDCC /* Products */,
				F9D55122EA47BB7DE1F048B2 /* Pods */,
				4FCECF4902CB50CCC5F65044 /* Frameworks */,
			);
			sourceTree = "<group>";
		};
		092F0F2F1A05B474007CDDCC /* Products */ = {
			isa = PBXGroup;
			children = (
				092F0F2E1A05B474007CDDCC /* photo.app */,
				092F0F471A05B474007CDDCC /* photo.xctest */,
			);
			name = Products;
			sourceTree = "<group>";
		};
		092F0F301A05B474007CDDCC /* ZLSwipeableViewDemo */ = {
			isa = PBXGroup;
			children = (
				E875EA221BF46482005EA5A7 /* Images */,
				E875EA0D1BF4621D005EA5A7 /* view */,
				E875EA091BF461D5005EA5A7 /* viewController */,
				E8573CD71BF33FDD00713352 /* extend */,
				E8F5F17E1BF0AF2A00449CB3 /* 百度贴吧副本.json */,
				E8F5F17F1BF0AF2A00449CB3 /* 屏幕快照 2015-11-05 11.40.43.png */,
				E8D110341BE35BBF0021F0E5 /* Model */,
				E82BA5921BE3116E0038F210 /* ZLSwipeableView */,
				092F0F631A05C9CA007CDDCC /* UIColor+FlatColors */,
				092F0F351A05B474007CDDCC /* AppDelegate.h */,
				092F0F361A05B474007CDDCC /* AppDelegate.m */,
				092F0F3B1A05B474007CDDCC /* Main.storyboard */,
				092F0F3E1A05B474007CDDCC /* Images.xcassets */,
				092F0F401A05B474007CDDCC /* LaunchScreen.xib */,
				092F0F311A05B474007CDDCC /* Supporting Files */,
			);
			path = ZLSwipeableViewDemo;
			sourceTree = "<group>";
		};
		092F0F311A05B474007CDDCC /* Supporting Files */ = {
			isa = PBXGroup;
			children = (
				092F0F321A05B474007CDDCC /* Info.plist */,
				092F0F331A05B474007CDDCC /* main.m */,
			);
			name = "Supporting Files";
			sourceTree = "<group>";
		};
		092F0F4A1A05B474007CDDCC /* ZLSwipeableViewDemoTests */ = {
			isa = PBXGroup;
			children = (
				092F0F4D1A05B474007CDDCC /* ZLSwipeableViewDemoTests.m */,
				092F0F4B1A05B474007CDDCC /* Supporting Files */,
			);
			path = ZLSwipeableViewDemoTests;
			sourceTree = "<group>";
		};
		092F0F4B1A05B474007CDDCC /* Supporting Files */ = {
			isa = PBXGroup;
			children = (
				092F0F4C1A05B474007CDDCC /* Info.plist */,
			);
			name = "Supporting Files";
			sourceTree = "<group>";
		};
		092F0F631A05C9CA007CDDCC /* UIColor+FlatColors */ = {
			isa = PBXGroup;
			children = (
				092F0F641A05C9CA007CDDCC /* UIColor+FlatColors.h */,
				092F0F651A05C9CA007CDDCC /* UIColor+FlatColors.m */,
			);
			path = "UIColor+FlatColors";
			sourceTree = "<group>";
		};
		4FCECF4902CB50CCC5F65044 /* Frameworks */ = {
			isa = PBXGroup;
			children = (
				F6D0E740702FEE385B822A83 /* libPods.a */,
			);
			name = Frameworks;
			sourceTree = "<group>";
		};
		E82BA5921BE3116E0038F210 /* ZLSwipeableView */ = {
			isa = PBXGroup;
			children = (
				E82BA5931BE3116E0038F210 /* ZLPanGestureRecognizer.h */,
				E82BA5941BE3116E0038F210 /* ZLPanGestureRecognizer.m */,
				E82BA5951BE3116E0038F210 /* ZLSwipeableView.h */,
				E82BA5961BE3116E0038F210 /* ZLSwipeableView.m */,
			);
			path = ZLSwipeableView;
			sourceTree = "<group>";
		};
		E8573CD71BF33FDD00713352 /* extend */ = {
			isa = PBXGroup;
			children = (
				E875E9FF1BF46047005EA5A7 /* RDVTabBarController */,
				E8573D0A1BF33FE900713352 /* ProgressHUD */,
				E8573CD81BF33FDD00713352 /* SDWebImage */,
				E875EA501BF47103005EA5A7 /* extendMothods.h */,
				E875EA511BF47103005EA5A7 /* extendMothods.m */,
			);
			path = extend;
			sourceTree = "<group>";
		};
		E8573CD81BF33FDD00713352 /* SDWebImage */ = {
			isa = PBXGroup;
			children = (
				E8573CD91BF33FDD00713352 /* MKAnnotationView+WebCache.h */,
				E8573CDA1BF33FDD00713352 /* MKAnnotationView+WebCache.m */,
				E8573CDB1BF33FDD00713352 /* NSData+ImageContentType.h */,
				E8573CDC1BF33FDD00713352 /* NSData+ImageContentType.m */,
				E8573CDD1BF33FDD00713352 /* SDImageCache.h */,
				E8573CDE1BF33FDD00713352 /* SDImageCache.m */,
				E8573CDF1BF33FDD00713352 /* SDWebImageCompat.h */,
				E8573CE01BF33FDD00713352 /* SDWebImageCompat.m */,
				E8573CE11BF33FDD00713352 /* SDWebImageDecoder.h */,
				E8573CE21BF33FDD00713352 /* SDWebImageDecoder.m */,
				E8573CE31BF33FDD00713352 /* SDWebImageDownloader.h */,
				E8573CE41BF33FDD00713352 /* SDWebImageDownloader.m */,
				E8573CE51BF33FDD00713352 /* SDWebImageDownloaderOperation.h */,
				E8573CE61BF33FDD00713352 /* SDWebImageDownloaderOperation.m */,
				E8573CE71BF33FDD00713352 /* SDWebImageManager.h */,
				E8573CE81BF33FDD00713352 /* SDWebImageManager.m */,
				E8573CE91BF33FDD00713352 /* SDWebImageOperation.h */,
				E8573CEA1BF33FDD00713352 /* SDWebImagePrefetcher.h */,
				E8573CEB1BF33FDD00713352 /* SDWebImagePrefetcher.m */,
				E8573CEC1BF33FDD00713352 /* UIButton+WebCache.h */,
				E8573CED1BF33FDD00713352 /* UIButton+WebCache.m */,
				E8573CEE1BF33FDD00713352 /* UIImage+GIF.h */,
				E8573CEF1BF33FDD00713352 /* UIImage+GIF.m */,
				E8573CF01BF33FDD00713352 /* UIImage+MultiFormat.h */,
				E8573CF11BF33FDD00713352 /* UIImage+MultiFormat.m */,
				E8573CF21BF33FDD00713352 /* UIImage+WebP.h */,
				E8573CF31BF33FDD00713352 /* UIImage+WebP.m */,
				E8573CF41BF33FDD00713352 /* UIImageView+HighlightedWebCache.h */,
				E8573CF51BF33FDD00713352 /* UIImageView+HighlightedWebCache.m */,
				E8573CF61BF33FDD00713352 /* UIImageView+WebCache.h */,
				E8573CF71BF33FDD00713352 /* UIImageView+WebCache.m */,
				E8573CF81BF33FDD00713352 /* UIView+WebCacheOperation.h */,
				E8573CF91BF33FDD00713352 /* UIView+WebCacheOperation.m */,
			);
			path = SDWebImage;
			sourceTree = "<group>";
		};
		E8573D0A1BF33FE900713352 /* ProgressHUD */ = {
			isa = PBXGroup;
			children = (
				E8573D0B1BF33FE900713352 /* ProgressHUD.bundle */,
				E8573D0C1BF33FE900713352 /* ProgressHUD.h */,
				E8573D0D1BF33FE900713352 /* ProgressHUD.m */,
			);
			path = ProgressHUD;
			sourceTree = "<group>";
		};
		E875E9FF1BF46047005EA5A7 /* RDVTabBarController */ = {
			isa = PBXGroup;
			children = (
				E875EA001BF46047005EA5A7 /* RDVTabBar.h */,
				E875EA011BF46047005EA5A7 /* RDVTabBar.m */,
				E875EA021BF46047005EA5A7 /* RDVTabBarController.h */,
				E875EA031BF46047005EA5A7 /* RDVTabBarController.m */,
				E875EA041BF46047005EA5A7 /* RDVTabBarItem.h */,
				E875EA051BF46047005EA5A7 /* RDVTabBarItem.m */,
			);
			path = RDVTabBarController;
			sourceTree = "<group>";
		};
		E875EA091BF461D5005EA5A7 /* viewController */ = {
			isa = PBXGroup;
			children = (
				E875EA131BF4627E005EA5A7 /* settingViewController.h */,
				E875EA141BF4627E005EA5A7 /* settingViewController.m */,
				E875EA151BF4627E005EA5A7 /* settingViewController.xib */,
				E875EA181BF46365005EA5A7 /* myInfoViewController.h */,
				E875EA191BF46365005EA5A7 /* myInfoViewController.m */,
				E875EA1A1BF46365005EA5A7 /* myInfoViewController.xib */,
				E875EA1D1BF4638E005EA5A7 /* creatPhotoViewController.h */,
				E875EA1E1BF4638E005EA5A7 /* creatPhotoViewController.m */,
				E875EA1F1BF4638E005EA5A7 /* creatPhotoViewController.xib */,
				E875EA4B1BF468D3005EA5A7 /* mainViewController.h */,
				E875EA4C1BF468D3005EA5A7 /* mainViewController.m */,
				E875EA4D1BF468D3005EA5A7 /* mainViewController.xib */,
				E875EA531BF481BA005EA5A7 /* photoDetailViewController.h */,
				E875EA541BF481BA005EA5A7 /* photoDetailViewController.m */,
				E875EA551BF481BA005EA5A7 /* photoDetailViewController.xib */,
			);
			path = viewController;
			sourceTree = "<group>";
		};
		E875EA0D1BF4621D005EA5A7 /* view */ = {
			isa = PBXGroup;
			children = (
				E875EA0E1BF4621D005EA5A7 /* CardContentView.xib */,
				E875EA0F1BF4621D005EA5A7 /* CardView.h */,
				E875EA101BF4621D005EA5A7 /* CardView.m */,
			);
			path = view;
			sourceTree = "<group>";
		};
		E875EA221BF46482005EA5A7 /* Images */ = {
			isa = PBXGroup;
			children = (
				E875EA231BF46482005EA5A7 /* first_normal.png */,
				E875EA241BF46482005EA5A7 /* first_normal@2x.png */,
				E875EA251BF46482005EA5A7 /* first_selected.png */,
				E875EA261BF46482005EA5A7 /* first_selected@2x.png */,
				E875EA271BF46482005EA5A7 /* navigationbar_background.png */,
				E875EA281BF46482005EA5A7 /* navigationbar_background@2x.png */,
				E875EA291BF46482005EA5A7 /* navigationbar_background_tall.png */,
				E875EA2A1BF46482005EA5A7 /* navigationbar_background_tall@2x.png */,
				E875EA2B1BF46482005EA5A7 /* second_normal.png */,
				E875EA2C1BF46482005EA5A7 /* second_normal@2x.png */,
				E875EA2D1BF46482005EA5A7 /* second_selected.png */,
				E875EA2E1BF46482005EA5A7 /* second_selected@2x.png */,
				E875EA2F1BF46482005EA5A7 /* tabbar_normal_background.png */,
				E875EA301BF46482005EA5A7 /* tabbar_normal_background@2x.png */,
				E875EA311BF46482005EA5A7 /* tabbar_selected_background.png */,
				E875EA321BF46482005EA5A7 /* tabbar_selected_background@2x.png */,
				E875EA331BF46482005EA5A7 /* third_normal.png */,
				E875EA341BF46482005EA5A7 /* third_normal@2x.png */,
				E875EA351BF46482005EA5A7 /* third_selected.png */,
				E875EA361BF46482005EA5A7 /* third_selected@2x.png */,
			);
			path = Images;
			sourceTree = "<group>";
		};
		E8D110341BE35BBF0021F0E5 /* Model */ = {
			isa = PBXGroup;
			children = (
				E8D110351BE35BD90021F0E5 /* IndexAndDirection.h */,
				E8D110361BE35BD90021F0E5 /* IndexAndDirection.m */,
				E8573CD21BF326DF00713352 /* photo.h */,
				E8573CD31BF326DF00713352 /* photo.m */,
			);
			path = Model;
			sourceTree = "<group>";
		};
		F9D55122EA47BB7DE1F048B2 /* Pods */ = {
			isa = PBXGroup;
			children = (
				E649A5FA752880E447EF86A6 /* Pods.debug.xcconfig */,
				1A97D5CDBAB0FCB2AA46B44C /* Pods.release.xcconfig */,
			);
			name = Pods;
			sourceTree = "<group>";
		};
/* End PBXGroup section */

/* Begin PBXNativeTarget section */
		092F0F2D1A05B474007CDDCC /* photo */ = {
			isa = PBXNativeTarget;
			buildConfigurationList = 092F0F511A05B474007CDDCC /* Build configuration list for PBXNativeTarget "photo" */;
			buildPhases = (
				ECE1221ED96E1D1D244F0E98 /* Check Pods Manifest.lock */,
				092F0F2A1A05B474007CDDCC /* Sources */,
				092F0F2B1A05B474007CDDCC /* Frameworks */,
				092F0F2C1A05B474007CDDCC /* Resources */,
				82C7AB434E1045F93FC52D84 /* Copy Pods Resources */,
			);
			buildRules = (
			);
			dependencies = (
			);
			name = photo;
			productName = ZLSwipeableViewDemo;
			productReference = 092F0F2E1A05B474007CDDCC /* photo.app */;
			productType = "com.apple.product-type.application";
		};
		092F0F461A05B474007CDDCC /* photoTests */ = {
			isa = PBXNativeTarget;
			buildConfigurationList = 092F0F541A05B474007CDDCC /* Build configuration list for PBXNativeTarget "photoTests" */;
			buildPhases = (
				092F0F431A05B474007CDDCC /* Sources */,
				092F0F441A05B474007CDDCC /* Frameworks */,
				092F0F451A05B474007CDDCC /* Resources */,
			);
			buildRules = (
			);
			dependencies = (
				092F0F491A05B474007CDDCC /* PBXTargetDependency */,
			);
			name = photoTests;
			productName = ZLSwipeableViewDemoTests;
			productReference = 092F0F471A05B474007CDDCC /* photo.xctest */;
			productType = "com.apple.product-type.bundle.unit-test";
		};
/* End PBXNativeTarget section */

/* Begin PBXProject section */
		092F0F261A05B474007CDDCC /* Project object */ = {
			isa = PBXProject;
			attributes = {
				LastUpgradeCheck = 0610;
				ORGANIZATIONNAME = "Zhixuan Lai";
				TargetAttributes = {
					092F0F2D1A05B474007CDDCC = {
						CreatedOnToolsVersion = 6.1;
						DevelopmentTeam = FD3FY3GTVB;
					};
					092F0F461A05B474007CDDCC = {
						CreatedOnToolsVersion = 6.1;
						DevelopmentTeam = FD3FY3GTVB;
						TestTargetID = 092F0F2D1A05B474007CDDCC;
					};
				};
			};
			buildConfigurationList = 092F0F291A05B474007CDDCC /* Build configuration list for PBXProject "photo" */;
			compatibilityVersion = "Xcode 3.2";
			developmentRegion = English;
			hasScannedForEncodings = 0;
			knownRegions = (
				en,
				Base,
			);
			mainGroup = 092F0F251A05B474007CDDCC;
			productRefGroup = 092F0F2F1A05B474007CDDCC /* Products */;
			projectDirPath = "";
			projectRoot = "";
			targets = (
				092F0F2D1A05B474007CDDCC /* photo */,
				092F0F461A05B474007CDDCC /* photoTests */,
			);
		};
/* End PBXProject section */

/* Begin PBXResourcesBuildPhase section */
		092F0F2C1A05B474007CDDCC /* Resources */ = {
			isa = PBXResourcesBuildPhase;
			buildActionMask = 2147483647;
			files = (
				E875EA411BF46482005EA5A7 /* second_selected.png in Resources */,
				E875EA461BF46482005EA5A7 /* tabbar_selected_background@2x.png in Resources */,
				E875EA3C1BF46482005EA5A7 /* navigationbar_background@2x.png in Resources */,
				E875EA431BF46482005EA5A7 /* tabbar_normal_background.png in Resources */,
				E875EA491BF46482005EA5A7 /* third_selected.png in Resources */,
				E875EA391BF46482005EA5A7 /* first_selected.png in Resources */,
				E875EA3D1BF46482005EA5A7 /* navigationbar_background_tall.png in Resources */,
				E8F5F1801BF0AF2A00449CB3 /* 百度贴吧副本.json in Resources */,
				092F0F3D1A05B474007CDDCC /* Main.storyboard in Resources */,
				E875EA371BF46482005EA5A7 /* first_normal.png in Resources */,
				E875EA571BF481BA005EA5A7 /* photoDetailViewController.xib in Resources */,
				E875EA3A1BF46482005EA5A7 /* first_selected@2x.png in Resources */,
				E875EA111BF4621D005EA5A7 /* CardContentView.xib in Resources */,
				E875EA3F1BF46482005EA5A7 /* second_normal.png in Resources */,
				E875EA381BF46482005EA5A7 /* first_normal@2x.png in Resources */,
				E875EA3B1BF46482005EA5A7 /* navigationbar_background.png in Resources */,
				E8573D0E1BF33FE900713352 /* ProgressHUD.bundle in Resources */,
				E875EA481BF46482005EA5A7 /* third_normal@2x.png in Resources */,
				E875EA3E1BF46482005EA5A7 /* navigationbar_background_tall@2x.png in Resources */,
				E875EA401BF46482005EA5A7 /* second_normal@2x.png in Resources */,
				E875EA451BF46482005EA5A7 /* tabbar_selected_background.png in Resources */,
				E875EA4F1BF468D3005EA5A7 /* mainViewController.xib in Resources */,
				E875EA421BF46482005EA5A7 /* second_selected@2x.png in Resources */,
				092F0F421A05B474007CDDCC /* LaunchScreen.xib in Resources */,
				E8F5F1811BF0AF2A00449CB3 /* 屏幕快照 2015-11-05 11.40.43.png in Resources */,
				092F0F3F1A05B474007CDDCC /* Images.xcassets in Resources */,
				E875EA171BF4627E005EA5A7 /* settingViewController.xib in Resources */,
				E875EA1C1BF46365005EA5A7 /* myInfoViewController.xib in Resources */,
				E875EA211BF4638E005EA5A7 /* creatPhotoViewController.xib in Resources */,
				E875EA471BF46482005EA5A7 /* third_normal.png in Resources */,
				E875EA441BF46482005EA5A7 /* tabbar_normal_background@2x.png in Resources */,
				E875EA4A1BF46482005EA5A7 /* third_selected@2x.png in Resources */,
			);
			runOnlyForDeploymentPostprocessing = 0;
		};
		092F0F451A05B474007CDDCC /* Resources */ = {
			isa = PBXResourcesBuildPhase;
			buildActionMask = 2147483647;
			files = (
			);
			runOnlyForDeploymentPostprocessing = 0;
		};
/* End PBXResourcesBuildPhase section */

/* Begin PBXShellScriptBuildPhase section */
		82C7AB434E1045F93FC52D84 /* Copy Pods Resources */ = {
			isa = PBXShellScriptBuildPhase;
			buildActionMask = 2147483647;
			files = (
			);
			inputPaths = (
			);
			name = "Copy Pods Resources";
			outputPaths = (
			);
			runOnlyForDeploymentPostprocessing = 0;
			shellPath = /bin/sh;
			shellScript = "\"${SRCROOT}/Pods/Target Support Files/Pods/Pods-resources.sh\"\n";
			showEnvVarsInLog = 0;
		};
		ECE1221ED96E1D1D244F0E98 /* Check Pods Manifest.lock */ = {
			isa = PBXShellScriptBuildPhase;
			buildActionMask = 2147483647;
			files = (
			);
			inputPaths = (
			);
			name = "Check Pods Manifest.lock";
			outputPaths = (
			);
			runOnlyForDeploymentPostprocessing = 0;
			shellPath = /bin/sh;
			shellScript = "diff \"${PODS_ROOT}/../Podfile.lock\" \"${PODS_ROOT}/Manifest.lock\" > /dev/null\nif [[ $? != 0 ]] ; then\n    cat << EOM\nerror: The sandbox is not in sync with the Podfile.lock. Run 'pod install' or update your CocoaPods installation.\nEOM\n    exit 1\nfi\n";
			showEnvVarsInLog = 0;
		};
/* End PBXShellScriptBuildPhase section */

/* Begin PBXSourcesBuildPhase section */
		092F0F2A1A05B474007CDDCC /* Sources */ = {
			isa = PBXSourcesBuildPhase;
			buildActionMask = 2147483647;
			files = (
				E875EA4E1BF468D3005EA5A7 /* mainViewController.m in Sources */,
				E8573D071BF33FDD00713352 /* UIImageView+HighlightedWebCache.m in Sources */,
				E8573CFE1BF33FDD00713352 /* SDWebImageDecoder.m in Sources */,
				E8573D081BF33FDD00713352 /* UIImageView+WebCache.m in Sources */,
				E8573D001BF33FDD00713352 /* SDWebImageDownloaderOperation.m in Sources */,
				E8573D011BF33FDD00713352 /* SDWebImageManager.m in Sources */,
				E875EA121BF4621D005EA5A7 /* CardView.m in Sources */,
				E875EA161BF4627E005EA5A7 /* settingViewController.m in Sources */,
				E875EA1B1BF46365005EA5A7 /* myInfoViewController.m in Sources */,
				092F0F661A05C9CA007CDDCC /* UIColor+FlatColors.m in Sources */,
				E875EA521BF47103005EA5A7 /* extendMothods.m in Sources */,
				E8D110371BE35BD90021F0E5 /* IndexAndDirection.m in Sources */,
				E875EA061BF46047005EA5A7 /* RDVTabBar.m in Sources */,
				E8573CFF1BF33FDD00713352 /* SDWebImageDownloader.m in Sources */,
				E875EA201BF4638E005EA5A7 /* creatPhotoViewController.m in Sources */,
				E8573CFA1BF33FDD00713352 /* MKAnnotationView+WebCache.m in Sources */,
				E8573CFD1BF33FDD00713352 /* SDWebImageCompat.m in Sources */,
				E875EA081BF46047005EA5A7 /* RDVTabBarItem.m in Sources */,
				E8573D021BF33FDD00713352 /* SDWebImagePrefetcher.m in Sources */,
				E8573D091BF33FDD00713352 /* UIView+WebCacheOperation.m in Sources */,
				E8573D051BF33FDD00713352 /* UIImage+MultiFormat.m in Sources */,
				E8573D0F1BF33FE900713352 /* ProgressHUD.m in Sources */,
				E875EA071BF46047005EA5A7 /* RDVTabBarController.m in Sources */,
				E8573CD41BF326DF00713352 /* photo.m in Sources */,
				092F0F371A05B474007CDDCC /* AppDelegate.m in Sources */,
				E8573D031BF33FDD00713352 /* UIButton+WebCache.m in Sources */,
				092F0F341A05B474007CDDCC /* main.m in Sources */,
				E8573CFC1BF33FDD00713352 /* SDImageCache.m in Sources */,
				E875EA561BF481BA005EA5A7 /* photoDetailViewController.m in Sources */,
				E82BA5971BE3116E0038F210 /* ZLPanGestureRecognizer.m in Sources */,
				E82BA5981BE3116E0038F210 /* ZLSwipeableView.m in Sources */,
				E8573D041BF33FDD00713352 /* UIImage+GIF.m in Sources */,
				E8573CFB1BF33FDD00713352 /* NSData+ImageContentType.m in Sources */,
				E8573D061BF33FDD00713352 /* UIImage+WebP.m in Sources */,
			);
			runOnlyForDeploymentPostprocessing = 0;
		};
		092F0F431A05B474007CDDCC /* Sources */ = {
			isa = PBXSourcesBuildPhase;
			buildActionMask = 2147483647;
			files = (
				092F0F4E1A05B474007CDDCC /* ZLSwipeableViewDemoTests.m in Sources */,
			);
			runOnlyForDeploymentPostprocessing = 0;
		};
/* End PBXSourcesBuildPhase section */

/* Begin PBXTargetDependency section */
		092F0F491A05B474007CDDCC /* PBXTargetDependency */ = {
			isa = PBXTargetDependency;
			target = 092F0F2D1A05B474007CDDCC /* photo */;
			targetProxy = 092F0F481A05B474007CDDCC /* PBXContainerItemProxy */;
		};
/* End PBXTargetDependency section */

/* Begin PBXVariantGroup section */
		092F0F3B1A05B474007CDDCC /* Main.storyboard */ = {
			isa = PBXVariantGroup;
			children = (
				092F0F3C1A05B474007CDDCC /* Base */,
			);
			name = Main.storyboard;
			sourceTree = "<group>";
		};
		092F0F401A05B474007CDDCC /* LaunchScreen.xib */ = {
			isa = PBXVariantGroup;
			children = (
				092F0F411A05B474007CDDCC /* Base */,
			);
			name = LaunchScreen.xib;
			sourceTree = "<group>";
		};
/* End PBXVariantGroup section */

/* Begin XCBuildConfiguration section */
		092F0F4F1A05B474007CDDCC /* Debug */ = {
			isa = XCBuildConfiguration;
			buildSettings = {
				ALWAYS_SEARCH_USER_PATHS = NO;
				CLANG_CXX_LANGUAGE_STANDARD = "gnu++0x";
				CLANG_CXX_LIBRARY = "libc++";
				CLANG_ENABLE_MODULES = YES;
				CLANG_ENABLE_OBJC_ARC = YES;
				CLANG_WARN_BOOL_CONVERSION = YES;
				CLANG_WARN_CONSTANT_CONVERSION = YES;
				CLANG_WARN_DIRECT_OBJC_ISA_USAGE = YES_ERROR;
				CLANG_WARN_EMPTY_BODY = YES;
				CLANG_WARN_ENUM_CONVERSION = YES;
				CLANG_WARN_INT_CONVERSION = YES;
				CLANG_WARN_OBJC_ROOT_CLASS = YES_ERROR;
				CLANG_WARN_UNREACHABLE_CODE = YES;
				CLANG_WARN__DUPLICATE_METHOD_MATCH = YES;
				"CODE_SIGN_IDENTITY[sdk=iphoneos*]" = "iPhone Developer";
				COPY_PHASE_STRIP = NO;
				ENABLE_STRICT_OBJC_MSGSEND = YES;
				GCC_C_LANGUAGE_STANDARD = gnu99;
				GCC_DYNAMIC_NO_PIC = NO;
				GCC_OPTIMIZATION_LEVEL = 0;
				GCC_PREPROCESSOR_DEFINITIONS = (
					"DEBUG=1",
					"$(inherited)",
				);
				GCC_SYMBOLS_PRIVATE_EXTERN = NO;
				GCC_WARN_64_TO_32_BIT_CONVERSION = YES;
				GCC_WARN_ABOUT_RETURN_TYPE = YES_ERROR;
				GCC_WARN_UNDECLARED_SELECTOR = YES;
				GCC_WARN_UNINITIALIZED_AUTOS = YES_AGGRESSIVE;
				GCC_WARN_UNUSED_FUNCTION = YES;
				GCC_WARN_UNUSED_VARIABLE = YES;
				IPHONEOS_DEPLOYMENT_TARGET = 8.1;
				MTL_ENABLE_DEBUG_INFO = YES;
				ONLY_ACTIVE_ARCH = YES;
				SDKROOT = iphoneos;
			};
			name = Debug;
		};
		092F0F501A05B474007CDDCC /* Release */ = {
			isa = XCBuildConfiguration;
			buildSettings = {
				ALWAYS_SEARCH_USER_PATHS = NO;
				CLANG_CXX_LANGUAGE_STANDARD = "gnu++0x";
				CLANG_CXX_LIBRARY = "libc++";
				CLANG_ENABLE_MODULES = YES;
				CLANG_ENABLE_OBJC_ARC = YES;
				CLANG_WARN_BOOL_CONVERSION = YES;
				CLANG_WARN_CONSTANT_CONVERSION = YES;
				CLANG_WARN_DIRECT_OBJC_ISA_USAGE = YES_ERROR;
				CLANG_WARN_EMPTY_BODY = YES;
				CLANG_WARN_ENUM_CONVERSION = YES;
				CLANG_WARN_INT_CONVERSION = YES;
				CLANG_WARN_OBJC_ROOT_CLASS = YES_ERROR;
				CLANG_WARN_UNREACHABLE_CODE = YES;
				CLANG_WARN__DUPLICATE_METHOD_MATCH = YES;
				"CODE_SIGN_IDENTITY[sdk=iphoneos*]" = "iPhone Developer";
				COPY_PHASE_STRIP = YES;
				ENABLE_NS_ASSERTIONS = NO;
				ENABLE_STRICT_OBJC_MSGSEND = YES;
				GCC_C_LANGUAGE_STANDARD = gnu99;
				GCC_WARN_64_TO_32_BIT_CONVERSION = YES;
				GCC_WARN_ABOUT_RETURN_TYPE = YES_ERROR;
				GCC_WARN_UNDECLARED_SELECTOR = YES;
				GCC_WARN_UNINITIALIZED_AUTOS = YES_AGGRESSIVE;
				GCC_WARN_UNUSED_FUNCTION = YES;
				GCC_WARN_UNUSED_VARIABLE = YES;
				IPHONEOS_DEPLOYMENT_TARGET = 8.1;
				MTL_ENABLE_DEBUG_INFO = NO;
				SDKROOT = iphoneos;
				VALIDATE_PRODUCT = YES;
			};
			name = Release;
		};
		092F0F521A05B474007CDDCC /* Debug */ = {
			isa = XCBuildConfiguration;
			baseConfigurationReference = E649A5FA752880E447EF86A6 /* Pods.debug.xcconfig */;
			buildSettings = {
				ASSETCATALOG_COMPILER_APPICON_NAME = AppIcon;
				CODE_SIGN_IDENTITY = "iPhone Developer";
				"CODE_SIGN_IDENTITY[sdk=iphoneos*]" = "iPhone Developer";
				INFOPLIST_FILE = ZLSwipeableViewDemo/Info.plist;
				IPHONEOS_DEPLOYMENT_TARGET = 7.1;
				LD_RUNPATH_SEARCH_PATHS = "$(inherited) @executable_path/Frameworks";
				PRODUCT_BUNDLE_IDENTIFIER = com.photo;
				PRODUCT_NAME = photo;
				PROVISIONING_PROFILE = "";
				TARGETED_DEVICE_FAMILY = 1;
			};
			name = Debug;
		};
		092F0F531A05B474007CDDCC /* Release */ = {
			isa = XCBuildConfiguration;
			baseConfigurationReference = 1A97D5CDBAB0FCB2AA46B44C /* Pods.release.xcconfig */;
			buildSettings = {
				ASSETCATALOG_COMPILER_APPICON_NAME = AppIcon;
				CODE_SIGN_IDENTITY = "iPhone Developer";
				"CODE_SIGN_IDENTITY[sdk=iphoneos*]" = "iPhone Developer";
				INFOPLIST_FILE = ZLSwipeableViewDemo/Info.plist;
				IPHONEOS_DEPLOYMENT_TARGET = 7.1;
				LD_RUNPATH_SEARCH_PATHS = "$(inherited) @executable_path/Frameworks";
				PRODUCT_BUNDLE_IDENTIFIER = com.photo;
				PRODUCT_NAME = photo;
				PROVISIONING_PROFILE = "";
				TARGETED_DEVICE_FAMILY = 1;
			};
			name = Release;
		};
		092F0F551A05B474007CDDCC /* Debug */ = {
			isa = XCBuildConfiguration;
			buildSettings = {
				BUNDLE_LOADER = "$(TEST_HOST)";
				CODE_SIGN_IDENTITY = "iPhone Developer";
				"CODE_SIGN_IDENTITY[sdk=iphoneos*]" = "iPhone Developer";
				FRAMEWORK_SEARCH_PATHS = (
					"$(SDKROOT)/Developer/Library/Frameworks",
					"$(inherited)",
				);
				GCC_PREPROCESSOR_DEFINITIONS = (
					"DEBUG=1",
					"$(inherited)",
				);
				INFOPLIST_FILE = ZLSwipeableViewDemoTests/Info.plist;
				LD_RUNPATH_SEARCH_PATHS = "$(inherited) @executable_path/Frameworks @loader_path/Frameworks";
				PRODUCT_NAME = photo;
				PROVISIONING_PROFILE = "";
				TEST_HOST = "$(BUILT_PRODUCTS_DIR)/photo.app/photo";
			};
			name = Debug;
		};
		092F0F561A05B474007CDDCC /* Release */ = {
			isa = XCBuildConfiguration;
			buildSettings = {
				BUNDLE_LOADER = "$(TEST_HOST)";
				CODE_SIGN_IDENTITY = "iPhone Developer";
				"CODE_SIGN_IDENTITY[sdk=iphoneos*]" = "iPhone Developer";
				FRAMEWORK_SEARCH_PATHS = (
					"$(SDKROOT)/Developer/Library/Frameworks",
					"$(inherited)",
				);
				INFOPLIST_FILE = ZLSwipeableViewDemoTests/Info.plist;
				LD_RUNPATH_SEARCH_PATHS = "$(inherited) @executable_path/Frameworks @loader_path/Frameworks";
				PRODUCT_NAME = photo;
				PROVISIONING_PROFILE = "";
				TEST_HOST = "$(BUILT_PRODUCTS_DIR)/photo.app/photo";
			};
			name = Release;
		};
/* End XCBuildConfiguration section */

/* Begin XCConfigurationList section */
		092F0F291A05B474007CDDCC /* Build configuration list for PBXProject "photo" */ = {
			isa = XCConfigurationList;
			buildConfigurations = (
				092F0F4F1A05B474007CDDCC /* Debug */,
				092F0F501A05B474007CDDCC /* Release */,
			);
			defaultConfigurationIsVisible = 0;
			defaultConfigurationName = Release;
		};
		092F0F511A05B474007CDDCC /* Build configuration list for PBXNativeTarget "photo" */ = {
			isa = XCConfigurationList;
			buildConfigurations = (
				092F0F521A05B474007CDDCC /* Debug */,
				092F0F531A05B474007CDDCC /* Release */,
			);
			defaultConfigurationIsVisible = 0;
			defaultConfigurationName = Release;
		};
		092F0F541A05B474007CDDCC /* Build configuration list for PBXNativeTarget "photoTests" */ = {
			isa = XCConfigurationList;
			buildConfigurations = (
				092F0F551A05B474007CDDCC /* Debug */,
				092F0F561A05B474007CDDCC /* Release */,
			);
			defaultConfigurationIsVisible = 0;
			defaultConfigurationName = Release;
		};
/* End XCConfigurationList section */
	};
	rootObject = 092F0F261A05B474007CDDCC /* Project object */;
}
